// !$*UTF8*$!
{
	archiveVersion = 1;
	classes = {
	};
	objectVersion = 46;
	objects = {

/* Begin PBXBuildFile section */
		07B4CE1DC122AB41E64A91C7 /* Pods_ChartsExtension_Example.framework in Frameworks */ = {isa = PBXBuildFile; fileRef = 8CD2E272248DF5791929A731 /* Pods_ChartsExtension_Example.framework */; };
		607FACD61AFB9204008FA782 /* AppDelegate.swift in Sources */ = {isa = PBXBuildFile; fileRef = 607FACD51AFB9204008FA782 /* AppDelegate.swift */; };
		607FACD81AFB9204008FA782 /* ViewController.swift in Sources */ = {isa = PBXBuildFile; fileRef = 607FACD71AFB9204008FA782 /* ViewController.swift */; };
		607FACDB1AFB9204008FA782 /* Main.storyboard in Resources */ = {isa = PBXBuildFile; fileRef = 607FACD91AFB9204008FA782 /* Main.storyboard */; };
		607FACDD1AFB9204008FA782 /* Images.xcassets in Resources */ = {isa = PBXBuildFile; fileRef = 607FACDC1AFB9204008FA782 /* Images.xcassets */; };
		607FACE01AFB9204008FA782 /* LaunchScreen.xib in Resources */ = {isa = PBXBuildFile; fileRef = 607FACDE1AFB9204008FA782 /* LaunchScreen.xib */; };
		607FACEC1AFB9204008FA782 /* Tests.swift in Sources */ = {isa = PBXBuildFile; fileRef = 607FACEB1AFB9204008FA782 /* Tests.swift */; };
		B09F9C07232B8B5B001CEFCF /* MultipleLinesChartViewController.swift in Sources */ = {isa = PBXBuildFile; fileRef = B09F9BCA232B8B5B001CEFCF /* MultipleLinesChartViewController.swift */; };
		B09F9C08232B8B5B001CEFCF /* MultipleBarChartViewController.swift in Sources */ = {isa = PBXBuildFile; fileRef = B09F9BCB232B8B5B001CEFCF /* MultipleBarChartViewController.swift */; };
		B09F9C09232B8B5B001CEFCF /* HalfPieChartViewController.swift in Sources */ = {isa = PBXBuildFile; fileRef = B09F9BCC232B8B5B001CEFCF /* HalfPieChartViewController.swift */; };
		B09F9C0A232B8B5B001CEFCF /* LifeCareChartViewController.xib in Resources */ = {isa = PBXBuildFile; fileRef = B09F9BCD232B8B5B001CEFCF /* LifeCareChartViewController.xib */; };
		B09F9C0B232B8B5B001CEFCF /* ExamBarChartViewController.xib in Resources */ = {isa = PBXBuildFile; fileRef = B09F9BCE232B8B5B001CEFCF /* ExamBarChartViewController.xib */; };
		B09F9C0C232B8B5B001CEFCF /* BGMBarChartViewController.swift in Sources */ = {isa = PBXBuildFile; fileRef = B09F9BCF232B8B5B001CEFCF /* BGMBarChartViewController.swift */; };
		B09F9C0D232B8B5B001CEFCF /* LineChartTimeViewController.swift in Sources */ = {isa = PBXBuildFile; fileRef = B09F9BD0232B8B5B001CEFCF /* LineChartTimeViewController.swift */; };
		B09F9C0E232B8B5B001CEFCF /* ColoredLineChartViewController.swift in Sources */ = {isa = PBXBuildFile; fileRef = B09F9BD1232B8B5B001CEFCF /* ColoredLineChartViewController.swift */; };
		B09F9C0F232B8B5B001CEFCF /* LineChart2ViewController.swift in Sources */ = {isa = PBXBuildFile; fileRef = B09F9BD2232B8B5B001CEFCF /* LineChart2ViewController.swift */; };
		B09F9C10232B8B5B001CEFCF /* LineChart1ViewController.swift in Sources */ = {isa = PBXBuildFile; fileRef = B09F9BD3232B8B5B001CEFCF /* LineChart1ViewController.swift */; };
		B09F9C11232B8B5B001CEFCF /* NegativeStackedBarChartViewController.swift in Sources */ = {isa = PBXBuildFile; fileRef = B09F9BD4232B8B5B001CEFCF /* NegativeStackedBarChartViewController.swift */; };
		B09F9C12232B8B5B001CEFCF /* ScatterChartViewController.swift in Sources */ = {isa = PBXBuildFile; fileRef = B09F9BD5232B8B5B001CEFCF /* ScatterChartViewController.swift */; };
		B09F9C13232B8B5B001CEFCF /* BGMBarChartViewController.xib in Resources */ = {isa = PBXBuildFile; fileRef = B09F9BD6232B8B5B001CEFCF /* BGMBarChartViewController.xib */; };
		B09F9C14232B8B5B001CEFCF /* LifeCareChartViewController.swift in Sources */ = {isa = PBXBuildFile; fileRef = B09F9BD7232B8B5B001CEFCF /* LifeCareChartViewController.swift */; };
		B09F9C15232B8B5B001CEFCF /* ExamChartViewController.xib in Resources */ = {isa = PBXBuildFile; fileRef = B09F9BD8232B8B5B001CEFCF /* ExamChartViewController.xib */; };
		B09F9C16232B8B5B001CEFCF /* StackedBarChartViewController.swift in Sources */ = {isa = PBXBuildFile; fileRef = B09F9BD9232B8B5B001CEFCF /* StackedBarChartViewController.swift */; };
		B09F9C17232B8B5B001CEFCF /* BubbleChartViewController.swift in Sources */ = {isa = PBXBuildFile; fileRef = B09F9BDA232B8B5B001CEFCF /* BubbleChartViewController.swift */; };
		B09F9C18232B8B5B001CEFCF /* ExamChartViewController.swift in Sources */ = {isa = PBXBuildFile; fileRef = B09F9BDB232B8B5B001CEFCF /* ExamChartViewController.swift */; };
		B09F9C19232B8B5B001CEFCF /* LineChartFilledViewController.swift in Sources */ = {isa = PBXBuildFile; fileRef = B09F9BDC232B8B5B001CEFCF /* LineChartFilledViewController.swift */; };
		B09F9C1A232B8B5B001CEFCF /* PositiveNegativeBarChartViewController.swift in Sources */ = {isa = PBXBuildFile; fileRef = B09F9BDD232B8B5B001CEFCF /* PositiveNegativeBarChartViewController.swift */; };
		B09F9C1B232B8B5B001CEFCF /* AnotherBarChartViewController.swift in Sources */ = {isa = PBXBuildFile; fileRef = B09F9BDE232B8B5B001CEFCF /* AnotherBarChartViewController.swift */; };
		B09F9C1C232B8B5B001CEFCF /* PieChartViewController.swift in Sources */ = {isa = PBXBuildFile; fileRef = B09F9BDF232B8B5B001CEFCF /* PieChartViewController.swift */; };
		B09F9C1D232B8B5B001CEFCF /* CubicLineChartViewController.swift in Sources */ = {isa = PBXBuildFile; fileRef = B09F9BE0232B8B5B001CEFCF /* CubicLineChartViewController.swift */; };
		B09F9C1E232B8B5B001CEFCF /* RadarChartViewController.swift in Sources */ = {isa = PBXBuildFile; fileRef = B09F9BE1232B8B5B001CEFCF /* RadarChartViewController.swift */; };
		B09F9C1F232B8B5B001CEFCF /* HorizontalBarChartViewController.swift in Sources */ = {isa = PBXBuildFile; fileRef = B09F9BE2232B8B5B001CEFCF /* HorizontalBarChartViewController.swift */; };
		B09F9C20232B8B5B001CEFCF /* PiePolylineChartViewController.swift in Sources */ = {isa = PBXBuildFile; fileRef = B09F9BE3232B8B5B001CEFCF /* PiePolylineChartViewController.swift */; };
		B09F9C21232B8B5B001CEFCF /* CombinedChartViewController.swift in Sources */ = {isa = PBXBuildFile; fileRef = B09F9BE4232B8B5B001CEFCF /* CombinedChartViewController.swift */; };
		B09F9C22232B8B5B001CEFCF /* BarChartViewController.swift in Sources */ = {isa = PBXBuildFile; fileRef = B09F9BE5232B8B5B001CEFCF /* BarChartViewController.swift */; };
		B09F9C23232B8B5B001CEFCF /* SinusBarChartViewController.swift in Sources */ = {isa = PBXBuildFile; fileRef = B09F9BE6232B8B5B001CEFCF /* SinusBarChartViewController.swift */; };
		B09F9C24232B8B5B001CEFCF /* CandleStickChartViewController.swift in Sources */ = {isa = PBXBuildFile; fileRef = B09F9BE7232B8B5B001CEFCF /* CandleStickChartViewController.swift */; };
		B09F9C25232B8B5B001CEFCF /* ExamBarChartViewController.swift in Sources */ = {isa = PBXBuildFile; fileRef = B09F9BE8232B8B5B001CEFCF /* ExamBarChartViewController.swift */; };
		B09F9C26232B8B5B001CEFCF /* DemoBaseViewController.swift in Sources */ = {isa = PBXBuildFile; fileRef = B09F9BE9232B8B5B001CEFCF /* DemoBaseViewController.swift */; };
		B09F9C27232B8B5B001CEFCF /* RadarMarkerView.xib in Resources */ = {isa = PBXBuildFile; fileRef = B09F9BEB232B8B5B001CEFCF /* RadarMarkerView.xib */; };
		B09F9C28232B8B5B001CEFCF /* DemoListViewController.xib in Resources */ = {isa = PBXBuildFile; fileRef = B09F9BEC232B8B5B001CEFCF /* DemoListViewController.xib */; };
		B09F9C29232B8B5B001CEFCF /* SinusBarChartViewController.xib in Resources */ = {isa = PBXBuildFile; fileRef = B09F9BEE232B8B5B001CEFCF /* SinusBarChartViewController.xib */; };
		B09F9C2A232B8B5B001CEFCF /* BarChartViewController.xib in Resources */ = {isa = PBXBuildFile; fileRef = B09F9BEF232B8B5B001CEFCF /* BarChartViewController.xib */; };
		B09F9C2B232B8B5B001CEFCF /* ColoredLineChartViewController.xib in Resources */ = {isa = PBXBuildFile; fileRef = B09F9BF0232B8B5B001CEFCF /* ColoredLineChartViewController.xib */; };
		B09F9C2C232B8B5B001CEFCF /* LineChart2ViewController.xib in Resources */ = {isa = PBXBuildFile; fileRef = B09F9BF1232B8B5B001CEFCF /* LineChart2ViewController.xib */; };
		B09F9C2D232B8B5B001CEFCF /* PiePolylineChartViewController.xib in Resources */ = {isa = PBXBuildFile; fileRef = B09F9BF2232B8B5B001CEFCF /* PiePolylineChartViewController.xib */; };
		B09F9C2E232B8B5B001CEFCF /* PieChartViewController.xib in Resources */ = {isa = PBXBuildFile; fileRef = B09F9BF3232B8B5B001CEFCF /* PieChartViewController.xib */; };
		B09F9C2F232B8B5B001CEFCF /* LineChart1ViewController.xib in Resources */ = {isa = PBXBuildFile; fileRef = B09F9BF4232B8B5B001CEFCF /* LineChart1ViewController.xib */; };
		B09F9C30232B8B5B001CEFCF /* MultipleLinesChartViewController.xib in Resources */ = {isa = PBXBuildFile; fileRef = B09F9BF5232B8B5B001CEFCF /* MultipleLinesChartViewController.xib */; };
		B09F9C31232B8B5B001CEFCF /* NegativeStackedBarChartViewController.xib in Resources */ = {isa = PBXBuildFile; fileRef = B09F9BF6232B8B5B001CEFCF /* NegativeStackedBarChartViewController.xib */; };
		B09F9C32232B8B5B001CEFCF /* MultipleBarChartViewController.xib in Resources */ = {isa = PBXBuildFile; fileRef = B09F9BF7232B8B5B001CEFCF /* MultipleBarChartViewController.xib */; };
		B09F9C33232B8B5B001CEFCF /* CombinedChartViewController.xib in Resources */ = {isa = PBXBuildFile; fileRef = B09F9BF8232B8B5B001CEFCF /* CombinedChartViewController.xib */; };
		B09F9C34232B8B5C001CEFCF /* StackedBarChartViewController.xib in Resources */ = {isa = PBXBuildFile; fileRef = B09F9BF9232B8B5B001CEFCF /* StackedBarChartViewController.xib */; };
		B09F9C35232B8B5C001CEFCF /* HalfPieChartViewController.xib in Resources */ = {isa = PBXBuildFile; fileRef = B09F9BFA232B8B5B001CEFCF /* HalfPieChartViewController.xib */; };
		B09F9C36232B8B5C001CEFCF /* HorizontalBarChartViewController.xib in Resources */ = {isa = PBXBuildFile; fileRef = B09F9BFB232B8B5B001CEFCF /* HorizontalBarChartViewController.xib */; };
		B09F9C37232B8B5C001CEFCF /* CandleStickChartViewController.xib in Resources */ = {isa = PBXBuildFile; fileRef = B09F9BFC232B8B5B001CEFCF /* CandleStickChartViewController.xib */; };
		B09F9C38232B8B5C001CEFCF /* ScatterChartViewController.xib in Resources */ = {isa = PBXBuildFile; fileRef = B09F9BFD232B8B5B001CEFCF /* ScatterChartViewController.xib */; };
		B09F9C39232B8B5C001CEFCF /* PositiveNegativeBarChartViewController.xib in Resources */ = {isa = PBXBuildFile; fileRef = B09F9BFE232B8B5B001CEFCF /* PositiveNegativeBarChartViewController.xib */; };
		B09F9C3A232B8B5C001CEFCF /* CubicLineChartViewController.xib in Resources */ = {isa = PBXBuildFile; fileRef = B09F9BFF232B8B5B001CEFCF /* CubicLineChartViewController.xib */; };
		B09F9C3B232B8B5C001CEFCF /* LineChartFilledViewController.xib in Resources */ = {isa = PBXBuildFile; fileRef = B09F9C00232B8B5B001CEFCF /* LineChartFilledViewController.xib */; };
		B09F9C3C232B8B5C001CEFCF /* RadarChartViewController.xib in Resources */ = {isa = PBXBuildFile; fileRef = B09F9C01232B8B5B001CEFCF /* RadarChartViewController.xib */; };
		B09F9C3D232B8B5C001CEFCF /* RealmDemosViewController.xib in Resources */ = {isa = PBXBuildFile; fileRef = B09F9C02232B8B5B001CEFCF /* RealmDemosViewController.xib */; };
		B09F9C3E232B8B5C001CEFCF /* AnotherBarChartViewController.xib in Resources */ = {isa = PBXBuildFile; fileRef = B09F9C03232B8B5B001CEFCF /* AnotherBarChartViewController.xib */; };
		B09F9C3F232B8B5C001CEFCF /* BubbleChartViewController.xib in Resources */ = {isa = PBXBuildFile; fileRef = B09F9C04232B8B5B001CEFCF /* BubbleChartViewController.xib */; };
		B09F9C40232B8B5C001CEFCF /* LineChartTimeViewController.xib in Resources */ = {isa = PBXBuildFile; fileRef = B09F9C05232B8B5B001CEFCF /* LineChartTimeViewController.xib */; };
		B09F9C41232B8B5C001CEFCF /* DemoListViewController.swift in Sources */ = {isa = PBXBuildFile; fileRef = B09F9C06232B8B5B001CEFCF /* DemoListViewController.swift */; };
		E5137F80B1C1537A0A85236B /* Pods_ChartsExtension_Tests.framework in Frameworks */ = {isa = PBXBuildFile; fileRef = 5E0730AD0A2BE011E1EDBB9F /* Pods_ChartsExtension_Tests.framework */; };
/* End PBXBuildFile section */

/* Begin PBXContainerItemProxy section */
		607FACE61AFB9204008FA782 /* PBXContainerItemProxy */ = {
			isa = PBXContainerItemProxy;
			containerPortal = 607FACC81AFB9204008FA782 /* Project object */;
			proxyType = 1;
			remoteGlobalIDString = 607FACCF1AFB9204008FA782;
			remoteInfo = ChartsExtension;
		};
/* End PBXContainerItemProxy section */

/* Begin PBXFileReference section */
		03BCB1ECEC87904F992EDDFD /* README.md */ = {isa = PBXFileReference; includeInIndex = 1; lastKnownFileType = net.daringfireball.markdown; name = README.md; path = ../README.md; sourceTree = "<group>"; };
		080833D0415137DB541CF51B /* LICENSE */ = {isa = PBXFileReference; includeInIndex = 1; lastKnownFileType = text; name = LICENSE; path = ../LICENSE; sourceTree = "<group>"; };
		5E0730AD0A2BE011E1EDBB9F /* Pods_ChartsExtension_Tests.framework */ = {isa = PBXFileReference; explicitFileType = wrapper.framework; includeInIndex = 0; path = Pods_ChartsExtension_Tests.framework; sourceTree = BUILT_PRODUCTS_DIR; };
		607FACD01AFB9204008FA782 /* ChartsExtension_Example.app */ = {isa = PBXFileReference; explicitFileType = wrapper.application; includeInIndex = 0; path = ChartsExtension_Example.app; sourceTree = BUILT_PRODUCTS_DIR; };
		607FACD41AFB9204008FA782 /* Info.plist */ = {isa = PBXFileReference; lastKnownFileType = text.plist.xml; path = Info.plist; sourceTree = "<group>"; };
		607FACD51AFB9204008FA782 /* AppDelegate.swift */ = {isa = PBXFileReference; lastKnownFileType = sourcecode.swift; path = AppDelegate.swift; sourceTree = "<group>"; };
		607FACD71AFB9204008FA782 /* ViewController.swift */ = {isa = PBXFileReference; lastKnownFileType = sourcecode.swift; path = ViewController.swift; sourceTree = "<group>"; };
		607FACDA1AFB9204008FA782 /* Base */ = {isa = PBXFileReference; lastKnownFileType = file.storyboard; name = Base; path = Base.lproj/Main.storyboard; sourceTree = "<group>"; };
		607FACDC1AFB9204008FA782 /* Images.xcassets */ = {isa = PBXFileReference; lastKnownFileType = folder.assetcatalog; path = Images.xcassets; sourceTree = "<group>"; };
		607FACDF1AFB9204008FA782 /* Base */ = {isa = PBXFileReference; lastKnownFileType = file.xib; name = Base; path = Base.lproj/LaunchScreen.xib; sourceTree = "<group>"; };
		607FACE51AFB9204008FA782 /* ChartsExtension_Tests.xctest */ = {isa = PBXFileReference; explicitFileType = wrapper.cfbundle; includeInIndex = 0; path = ChartsExtension_Tests.xctest; sourceTree = BUILT_PRODUCTS_DIR; };
		607FACEA1AFB9204008FA782 /* Info.plist */ = {isa = PBXFileReference; lastKnownFileType = text.plist.xml; path = Info.plist; sourceTree = "<group>"; };
		607FACEB1AFB9204008FA782 /* Tests.swift */ = {isa = PBXFileReference; lastKnownFileType = sourcecode.swift; path = Tests.swift; sourceTree = "<group>"; };
		8CD2E272248DF5791929A731 /* Pods_ChartsExtension_Example.framework */ = {isa = PBXFileReference; explicitFileType = wrapper.framework; includeInIndex = 0; path = Pods_ChartsExtension_Example.framework; sourceTree = BUILT_PRODUCTS_DIR; };
		92487FA90E796DFED19C8532 /* ChartsExtension.podspec */ = {isa = PBXFileReference; includeInIndex = 1; lastKnownFileType = text; name = ChartsExtension.podspec; path = ../ChartsExtension.podspec; sourceTree = "<group>"; xcLanguageSpecificationIdentifier = xcode.lang.ruby; };
		A11261A22A3A50566CB8861F /* Pods-ChartsExtension_Example.release.xcconfig */ = {isa = PBXFileReference; includeInIndex = 1; lastKnownFileType = text.xcconfig; name = "Pods-ChartsExtension_Example.release.xcconfig"; path = "Pods/Target Support Files/Pods-ChartsExtension_Example/Pods-ChartsExtension_Example.release.xcconfig"; sourceTree = "<group>"; };
		AF2F649FE19F45F4DC381888 /* Pods-ChartsExtension_Example.debug.xcconfig */ = {isa = PBXFileReference; includeInIndex = 1; lastKnownFileType = text.xcconfig; name = "Pods-ChartsExtension_Example.debug.xcconfig"; path = "Pods/Target Support Files/Pods-ChartsExtension_Example/Pods-ChartsExtension_Example.debug.xcconfig"; sourceTree = "<group>"; };
		B09F9BCA232B8B5B001CEFCF /* MultipleLinesChartViewController.swift */ = {isa = PBXFileReference; fileEncoding = 4; lastKnownFileType = sourcecode.swift; path = MultipleLinesChartViewController.swift; sourceTree = "<group>"; };
		B09F9BCB232B8B5B001CEFCF /* MultipleBarChartViewController.swift */ = {isa = PBXFileReference; fileEncoding = 4; lastKnownFileType = sourcecode.swift; path = MultipleBarChartViewController.swift; sourceTree = "<group>"; };
		B09F9BCC232B8B5B001CEFCF /* HalfPieChartViewController.swift */ = {isa = PBXFileReference; fileEncoding = 4; lastKnownFileType = sourcecode.swift; path = HalfPieChartViewController.swift; sourceTree = "<group>"; };
		B09F9BCD232B8B5B001CEFCF /* LifeCareChartViewController.xib */ = {isa = PBXFileReference; fileEncoding = 4; lastKnownFileType = file.xib; path = LifeCareChartViewController.xib; sourceTree = "<group>"; };
		B09F9BCE232B8B5B001CEFCF /* ExamBarChartViewController.xib */ = {isa = PBXFileReference; fileEncoding = 4; lastKnownFileType = file.xib; path = ExamBarChartViewController.xib; sourceTree = "<group>"; };
		B09F9BCF232B8B5B001CEFCF /* BGMBarChartViewController.swift */ = {isa = PBXFileReference; fileEncoding = 4; lastKnownFileType = sourcecode.swift; path = BGMBarChartViewController.swift; sourceTree = "<group>"; };
		B09F9BD0232B8B5B001CEFCF /* LineChartTimeViewController.swift */ = {isa = PBXFileReference; fileEncoding = 4; lastKnownFileType = sourcecode.swift; path = LineChartTimeViewController.swift; sourceTree = "<group>"; };
		B09F9BD1232B8B5B001CEFCF /* ColoredLineChartViewController.swift */ = {isa = PBXFileReference; fileEncoding = 4; lastKnownFileType = sourcecode.swift; path = ColoredLineChartViewController.swift; sourceTree = "<group>"; };
		B09F9BD2232B8B5B001CEFCF /* LineChart2ViewController.swift */ = {isa = PBXFileReference; fileEncoding = 4; lastKnownFileType = sourcecode.swift; path = LineChart2ViewController.swift; sourceTree = "<group>"; };
		B09F9BD3232B8B5B001CEFCF /* LineChart1ViewController.swift */ = {isa = PBXFileReference; fileEncoding = 4; lastKnownFileType = sourcecode.swift; path = LineChart1ViewController.swift; sourceTree = "<group>"; };
		B09F9BD4232B8B5B001CEFCF /* NegativeStackedBarChartViewController.swift */ = {isa = PBXFileReference; fileEncoding = 4; lastKnownFileType = sourcecode.swift; path = NegativeStackedBarChartViewController.swift; sourceTree = "<group>"; };
		B09F9BD5232B8B5B001CEFCF /* ScatterChartViewController.swift */ = {isa = PBXFileReference; fileEncoding = 4; lastKnownFileType = sourcecode.swift; path = ScatterChartViewController.swift; sourceTree = "<group>"; };
		B09F9BD6232B8B5B001CEFCF /* BGMBarChartViewController.xib */ = {isa = PBXFileReference; fileEncoding = 4; lastKnownFileType = file.xib; path = BGMBarChartViewController.xib; sourceTree = "<group>"; };
		B09F9BD7232B8B5B001CEFCF /* LifeCareChartViewController.swift */ = {isa = PBXFileReference; fileEncoding = 4; lastKnownFileType = sourcecode.swift; path = LifeCareChartViewController.swift; sourceTree = "<group>"; };
		B09F9BD8232B8B5B001CEFCF /* ExamChartViewController.xib */ = {isa = PBXFileReference; fileEncoding = 4; lastKnownFileType = file.xib; path = ExamChartViewController.xib; sourceTree = "<group>"; };
		B09F9BD9232B8B5B001CEFCF /* StackedBarChartViewController.swift */ = {isa = PBXFileReference; fileEncoding = 4; lastKnownFileType = sourcecode.swift; path = StackedBarChartViewController.swift; sourceTree = "<group>"; };
		B09F9BDA232B8B5B001CEFCF /* BubbleChartViewController.swift */ = {isa = PBXFileReference; fileEncoding = 4; lastKnownFileType = sourcecode.swift; path = BubbleChartViewController.swift; sourceTree = "<group>"; };
		B09F9BDB232B8B5B001CEFCF /* ExamChartViewController.swift */ = {isa = PBXFileReference; fileEncoding = 4; lastKnownFileType = sourcecode.swift; path = ExamChartViewController.swift; sourceTree = "<group>"; };
		B09F9BDC232B8B5B001CEFCF /* LineChartFilledViewController.swift */ = {isa = PBXFileReference; fileEncoding = 4; lastKnownFileType = sourcecode.swift; path = LineChartFilledViewController.swift; sourceTree = "<group>"; };
		B09F9BDD232B8B5B001CEFCF /* PositiveNegativeBarChartViewController.swift */ = {isa = PBXFileReference; fileEncoding = 4; lastKnownFileType = sourcecode.swift; path = PositiveNegativeBarChartViewController.swift; sourceTree = "<group>"; };
		B09F9BDE232B8B5B001CEFCF /* AnotherBarChartViewController.swift */ = {isa = PBXFileReference; fileEncoding = 4; lastKnownFileType = sourcecode.swift; path = AnotherBarChartViewController.swift; sourceTree = "<group>"; };
		B09F9BDF232B8B5B001CEFCF /* PieChartViewController.swift */ = {isa = PBXFileReference; fileEncoding = 4; lastKnownFileType = sourcecode.swift; path = PieChartViewController.swift; sourceTree = "<group>"; };
		B09F9BE0232B8B5B001CEFCF /* CubicLineChartViewController.swift */ = {isa = PBXFileReference; fileEncoding = 4; lastKnownFileType = sourcecode.swift; path = CubicLineChartViewController.swift; sourceTree = "<group>"; };
		B09F9BE1232B8B5B001CEFCF /* RadarChartViewController.swift */ = {isa = PBXFileReference; fileEncoding = 4; lastKnownFileType = sourcecode.swift; path = RadarChartViewController.swift; sourceTree = "<group>"; };
		B09F9BE2232B8B5B001CEFCF /* HorizontalBarChartViewController.swift */ = {isa = PBXFileReference; fileEncoding = 4; lastKnownFileType = sourcecode.swift; path = HorizontalBarChartViewController.swift; sourceTree = "<group>"; };
		B09F9BE3232B8B5B001CEFCF /* PiePolylineChartViewController.swift */ = {isa = PBXFileReference; fileEncoding = 4; lastKnownFileType = sourcecode.swift; path = PiePolylineChartViewController.swift; sourceTree = "<group>"; };
		B09F9BE4232B8B5B001CEFCF /* CombinedChartViewController.swift */ = {isa = PBXFileReference; fileEncoding = 4; lastKnownFileType = sourcecode.swift; path = CombinedChartViewController.swift; sourceTree = "<group>"; };
		B09F9BE5232B8B5B001CEFCF /* BarChartViewController.swift */ = {isa = PBXFileReference; fileEncoding = 4; lastKnownFileType = sourcecode.swift; path = BarChartViewController.swift; sourceTree = "<group>"; };
		B09F9BE6232B8B5B001CEFCF /* SinusBarChartViewController.swift */ = {isa = PBXFileReference; fileEncoding = 4; lastKnownFileType = sourcecode.swift; path = SinusBarChartViewController.swift; sourceTree = "<group>"; };
		B09F9BE7232B8B5B001CEFCF /* CandleStickChartViewController.swift */ = {isa = PBXFileReference; fileEncoding = 4; lastKnownFileType = sourcecode.swift; path = CandleStickChartViewController.swift; sourceTree = "<group>"; };
		B09F9BE8232B8B5B001CEFCF /* ExamBarChartViewController.swift */ = {isa = PBXFileReference; fileEncoding = 4; lastKnownFileType = sourcecode.swift; path = ExamBarChartViewController.swift; sourceTree = "<group>"; };
		B09F9BE9232B8B5B001CEFCF /* DemoBaseViewController.swift */ = {isa = PBXFileReference; fileEncoding = 4; lastKnownFileType = sourcecode.swift; path = DemoBaseViewController.swift; sourceTree = "<group>"; };
		B09F9BEB232B8B5B001CEFCF /* RadarMarkerView.xib */ = {isa = PBXFileReference; fileEncoding = 4; lastKnownFileType = file.xib; path = RadarMarkerView.xib; sourceTree = "<group>"; };
		B09F9BEC232B8B5B001CEFCF /* DemoListViewController.xib */ = {isa = PBXFileReference; fileEncoding = 4; lastKnownFileType = file.xib; path = DemoListViewController.xib; sourceTree = "<group>"; };
		B09F9BEE232B8B5B001CEFCF /* SinusBarChartViewController.xib */ = {isa = PBXFileReference; fileEncoding = 4; lastKnownFileType = file.xib; path = SinusBarChartViewController.xib; sourceTree = "<group>"; };
		B09F9BEF232B8B5B001CEFCF /* BarChartViewController.xib */ = {isa = PBXFileReference; fileEncoding = 4; lastKnownFileType = file.xib; path = BarChartViewController.xib; sourceTree = "<group>"; };
		B09F9BF0232B8B5B001CEFCF /* ColoredLineChartViewController.xib */ = {isa = PBXFileReference; fileEncoding = 4; lastKnownFileType = file.xib; path = ColoredLineChartViewController.xib; sourceTree = "<group>"; };
		B09F9BF1232B8B5B001CEFCF /* LineChart2ViewController.xib */ = {isa = PBXFileReference; fileEncoding = 4; lastKnownFileType = file.xib; path = LineChart2ViewController.xib; sourceTree = "<group>"; };
		B09F9BF2232B8B5B001CEFCF /* PiePolylineChartViewController.xib */ = {isa = PBXFileReference; fileEncoding = 4; lastKnownFileType = file.xib; path = PiePolylineChartViewController.xib; sourceTree = "<group>"; };
		B09F9BF3232B8B5B001CEFCF /* PieChartViewController.xib */ = {isa = PBXFileReference; fileEncoding = 4; lastKnownFileType = file.xib; path = PieChartViewController.xib; sourceTree = "<group>"; };
		B09F9BF4232B8B5B001CEFCF /* LineChart1ViewController.xib */ = {isa = PBXFileReference; fileEncoding = 4; lastKnownFileType = file.xib; path = LineChart1ViewController.xib; sourceTree = "<group>"; };
		B09F9BF5232B8B5B001CEFCF /* MultipleLinesChartViewController.xib */ = {isa = PBXFileReference; fileEncoding = 4; lastKnownFileType = file.xib; path = MultipleLinesChartViewController.xib; sourceTree = "<group>"; };
		B09F9BF6232B8B5B001CEFCF /* NegativeStackedBarChartViewController.xib */ = {isa = PBXFileReference; fileEncoding = 4; lastKnownFileType = file.xib; path = NegativeStackedBarChartViewController.xib; sourceTree = "<group>"; };
		B09F9BF7232B8B5B001CEFCF /* MultipleBarChartViewController.xib */ = {isa = PBXFileReference; fileEncoding = 4; lastKnownFileType = file.xib; path = MultipleBarChartViewController.xib; sourceTree = "<group>"; };
		B09F9BF8232B8B5B001CEFCF /* CombinedChartViewController.xib */ = {isa = PBXFileReference; fileEncoding = 4; lastKnownFileType = file.xib; path = CombinedChartViewController.xib; sourceTree = "<group>"; };
		B09F9BF9232B8B5B001CEFCF /* StackedBarChartViewController.xib */ = {isa = PBXFileReference; fileEncoding = 4; lastKnownFileType = file.xib; path = StackedBarChartViewController.xib; sourceTree = "<group>"; };
		B09F9BFA232B8B5B001CEFCF /* HalfPieChartViewController.xib */ = {isa = PBXFileReference; fileEncoding = 4; lastKnownFileType = file.xib; path = HalfPieChartViewController.xib; sourceTree = "<group>"; };
		B09F9BFB232B8B5B001CEFCF /* HorizontalBarChartViewController.xib */ = {isa = PBXFileReference; fileEncoding = 4; lastKnownFileType = file.xib; path = HorizontalBarChartViewController.xib; sourceTree = "<group>"; };
		B09F9BFC232B8B5B001CEFCF /* CandleStickChartViewController.xib */ = {isa = PBXFileReference; fileEncoding = 4; lastKnownFileType = file.xib; path = CandleStickChartViewController.xib; sourceTree = "<group>"; };
		B09F9BFD232B8B5B001CEFCF /* ScatterChartViewController.xib */ = {isa = PBXFileReference; fileEncoding = 4; lastKnownFileType = file.xib; path = ScatterChartViewController.xib; sourceTree = "<group>"; };
		B09F9BFE232B8B5B001CEFCF /* PositiveNegativeBarChartViewController.xib */ = {isa = PBXFileReference; fileEncoding = 4; lastKnownFileType = file.xib; path = PositiveNegativeBarChartViewController.xib; sourceTree = "<group>"; };
		B09F9BFF232B8B5B001CEFCF /* CubicLineChartViewController.xib */ = {isa = PBXFileReference; fileEncoding = 4; lastKnownFileType = file.xib; path = CubicLineChartViewController.xib; sourceTree = "<group>"; };
		B09F9C00232B8B5B001CEFCF /* LineChartFilledViewController.xib */ = {isa = PBXFileReference; fileEncoding = 4; lastKnownFileType = file.xib; path = LineChartFilledViewController.xib; sourceTree = "<group>"; };
		B09F9C01232B8B5B001CEFCF /* RadarChartViewController.xib */ = {isa = PBXFileReference; fileEncoding = 4; lastKnownFileType = file.xib; path = RadarChartViewController.xib; sourceTree = "<group>"; };
		B09F9C02232B8B5B001CEFCF /* RealmDemosViewController.xib */ = {isa = PBXFileReference; fileEncoding = 4; lastKnownFileType = file.xib; path = RealmDemosViewController.xib; sourceTree = "<group>"; };
		B09F9C03232B8B5B001CEFCF /* AnotherBarChartViewController.xib */ = {isa = PBXFileReference; fileEncoding = 4; lastKnownFileType = file.xib; path = AnotherBarChartViewController.xib; sourceTree = "<group>"; };
		B09F9C04232B8B5B001CEFCF /* BubbleChartViewController.xib */ = {isa = PBXFileReference; fileEncoding = 4; lastKnownFileType = file.xib; path = BubbleChartViewController.xib; sourceTree = "<group>"; };
		B09F9C05232B8B5B001CEFCF /* LineChartTimeViewController.xib */ = {isa = PBXFileReference; fileEncoding = 4; lastKnownFileType = file.xib; path = LineChartTimeViewController.xib; sourceTree = "<group>"; };
		B09F9C06232B8B5B001CEFCF /* DemoListViewController.swift */ = {isa = PBXFileReference; fileEncoding = 4; lastKnownFileType = sourcecode.swift; path = DemoListViewController.swift; sourceTree = "<group>"; };
		D223C8B07083D0779E87EEEA /* Pods-ChartsExtension_Tests.release.xcconfig */ = {isa = PBXFileReference; includeInIndex = 1; lastKnownFileType = text.xcconfig; name = "Pods-ChartsExtension_Tests.release.xcconfig"; path = "Pods/Target Support Files/Pods-ChartsExtension_Tests/Pods-ChartsExtension_Tests.release.xcconfig"; sourceTree = "<group>"; };
		FF68064DBB84A1554893F085 /* Pods-ChartsExtension_Tests.debug.xcconfig */ = {isa = PBXFileReference; includeInIndex = 1; lastKnownFileType = text.xcconfig; name = "Pods-ChartsExtension_Tests.debug.xcconfig"; path = "Pods/Target Support Files/Pods-ChartsExtension_Tests/Pods-ChartsExtension_Tests.debug.xcconfig"; sourceTree = "<group>"; };
/* End PBXFileReference section */

/* Begin PBXFrameworksBuildPhase section */
		607FACCD1AFB9204008FA782 /* Frameworks */ = {
			isa = PBXFrameworksBuildPhase;
			buildActionMask = 2147483647;
			files = (
				07B4CE1DC122AB41E64A91C7 /* Pods_ChartsExtension_Example.framework in Frameworks */,
			);
			runOnlyForDeploymentPostprocessing = 0;
		};
		607FACE21AFB9204008FA782 /* Frameworks */ = {
			isa = PBXFrameworksBuildPhase;
			buildActionMask = 2147483647;
			files = (
				E5137F80B1C1537A0A85236B /* Pods_ChartsExtension_Tests.framework in Frameworks */,
			);
			runOnlyForDeploymentPostprocessing = 0;
		};
/* End PBXFrameworksBuildPhase section */

/* Begin PBXGroup section */
		607FACC71AFB9204008FA782 = {
			isa = PBXGroup;
			children = (
				607FACF51AFB993E008FA782 /* Podspec Metadata */,
				607FACD21AFB9204008FA782 /* Example for ChartsExtension */,
				607FACE81AFB9204008FA782 /* Tests */,
				607FACD11AFB9204008FA782 /* Products */,
				82B29EC43F196845B75BC88C /* Pods */,
				B8D2186DC21948B0C3D6A6FD /* Frameworks */,
			);
			sourceTree = "<group>";
		};
		607FACD11AFB9204008FA782 /* Products */ = {
			isa = PBXGroup;
			children = (
				607FACD01AFB9204008FA782 /* ChartsExtension_Example.app */,
				607FACE51AFB9204008FA782 /* ChartsExtension_Tests.xctest */,
			);
			name = Products;
			sourceTree = "<group>";
		};
		607FACD21AFB9204008FA782 /* Example for ChartsExtension */ = {
			isa = PBXGroup;
			children = (
				B0516832230EA93500E812A1 /* Source */,
				607FACD51AFB9204008FA782 /* AppDelegate.swift */,
				607FACD71AFB9204008FA782 /* ViewController.swift */,
				607FACD91AFB9204008FA782 /* Main.storyboard */,
				607FACDC1AFB9204008FA782 /* Images.xcassets */,
				607FACDE1AFB9204008FA782 /* LaunchScreen.xib */,
				607FACD31AFB9204008FA782 /* Supporting Files */,
			);
			name = "Example for ChartsExtension";
			path = ChartsExtension;
			sourceTree = "<group>";
		};
		607FACD31AFB9204008FA782 /* Supporting Files */ = {
			isa = PBXGroup;
			children = (
				607FACD41AFB9204008FA782 /* Info.plist */,
			);
			name = "Supporting Files";
			sourceTree = "<group>";
		};
		607FACE81AFB9204008FA782 /* Tests */ = {
			isa = PBXGroup;
			children = (
				607FACEB1AFB9204008FA782 /* Tests.swift */,
				607FACE91AFB9204008FA782 /* Supporting Files */,
			);
			path = Tests;
			sourceTree = "<group>";
		};
		607FACE91AFB9204008FA782 /* Supporting Files */ = {
			isa = PBXGroup;
			children = (
				607FACEA1AFB9204008FA782 /* Info.plist */,
			);
			name = "Supporting Files";
			sourceTree = "<group>";
		};
		607FACF51AFB993E008FA782 /* Podspec Metadata */ = {
			isa = PBXGroup;
			children = (
				92487FA90E796DFED19C8532 /* ChartsExtension.podspec */,
				03BCB1ECEC87904F992EDDFD /* README.md */,
				080833D0415137DB541CF51B /* LICENSE */,
			);
			name = "Podspec Metadata";
			sourceTree = "<group>";
		};
		82B29EC43F196845B75BC88C /* Pods */ = {
			isa = PBXGroup;
			children = (
				AF2F649FE19F45F4DC381888 /* Pods-ChartsExtension_Example.debug.xcconfig */,
				A11261A22A3A50566CB8861F /* Pods-ChartsExtension_Example.release.xcconfig */,
				FF68064DBB84A1554893F085 /* Pods-ChartsExtension_Tests.debug.xcconfig */,
				D223C8B07083D0779E87EEEA /* Pods-ChartsExtension_Tests.release.xcconfig */,
			);
			name = Pods;
			sourceTree = "<group>";
		};
		B0516832230EA93500E812A1 /* Source */ = {
			isa = PBXGroup;
			children = (
				B09F9BE9232B8B5B001CEFCF /* DemoBaseViewController.swift */,
				B09F9C06232B8B5B001CEFCF /* DemoListViewController.swift */,
				B09F9BC9232B8B5B001CEFCF /* Demos */,
				B09F9BEA232B8B5B001CEFCF /* XIBs */,
			);
			path = Source;
			sourceTree = "<group>";
		};
		B09F9BC9232B8B5B001CEFCF /* Demos */ = {
			isa = PBXGroup;
			children = (
				B09F9BCA232B8B5B001CEFCF /* MultipleLinesChartViewController.swift */,
				B09F9BCB232B8B5B001CEFCF /* MultipleBarChartViewController.swift */,
				B09F9BCC232B8B5B001CEFCF /* HalfPieChartViewController.swift */,
				B09F9BCD232B8B5B001CEFCF /* LifeCareChartViewController.xib */,
				B09F9BCE232B8B5B001CEFCF /* ExamBarChartViewController.xib */,
				B09F9BCF232B8B5B001CEFCF /* BGMBarChartViewController.swift */,
				B09F9BD0232B8B5B001CEFCF /* LineChartTimeViewController.swift */,
				B09F9BD1232B8B5B001CEFCF /* ColoredLineChartViewController.swift */,
				B09F9BD2232B8B5B001CEFCF /* LineChart2ViewController.swift */,
				B09F9BD3232B8B5B001CEFCF /* LineChart1ViewController.swift */,
				B09F9BD4232B8B5B001CEFCF /* NegativeStackedBarChartViewController.swift */,
				B09F9BD5232B8B5B001CEFCF /* ScatterChartViewController.swift */,
				B09F9BD6232B8B5B001CEFCF /* BGMBarChartViewController.xib */,
				B09F9BD7232B8B5B001CEFCF /* LifeCareChartViewController.swift */,
				B09F9BD8232B8B5B001CEFCF /* ExamChartViewController.xib */,
				B09F9BD9232B8B5B001CEFCF /* StackedBarChartViewController.swift */,
				B09F9BDA232B8B5B001CEFCF /* BubbleChartViewController.swift */,
				B09F9BDB232B8B5B001CEFCF /* ExamChartViewController.swift */,
				B09F9BDC232B8B5B001CEFCF /* LineChartFilledViewController.swift */,
				B09F9BDD232B8B5B001CEFCF /* PositiveNegativeBarChartViewController.swift */,
				B09F9BDE232B8B5B001CEFCF /* AnotherBarChartViewController.swift */,
				B09F9BDF232B8B5B001CEFCF /* PieChartViewController.swift */,
				B09F9BE0232B8B5B001CEFCF /* CubicLineChartViewController.swift */,
				B09F9BE1232B8B5B001CEFCF /* RadarChartViewController.swift */,
				B09F9BE2232B8B5B001CEFCF /* HorizontalBarChartViewController.swift */,
				B09F9BE3232B8B5B001CEFCF /* PiePolylineChartViewController.swift */,
				B09F9BE4232B8B5B001CEFCF /* CombinedChartViewController.swift */,
				B09F9BE5232B8B5B001CEFCF /* BarChartViewController.swift */,
				B09F9BE6232B8B5B001CEFCF /* SinusBarChartViewController.swift */,
				B09F9BE7232B8B5B001CEFCF /* CandleStickChartViewController.swift */,
				B09F9BE8232B8B5B001CEFCF /* ExamBarChartViewController.swift */,
			);
			path = Demos;
			sourceTree = "<group>";
		};
		B09F9BEA232B8B5B001CEFCF /* XIBs */ = {
			isa = PBXGroup;
			children = (
				B09F9BEB232B8B5B001CEFCF /* RadarMarkerView.xib */,
				B09F9BEC232B8B5B001CEFCF /* DemoListViewController.xib */,
				B09F9BED232B8B5B001CEFCF /* Demos */,
			);
			path = XIBs;
			sourceTree = "<group>";
		};
		B09F9BED232B8B5B001CEFCF /* Demos */ = {
			isa = PBXGroup;
			children = (
				B09F9BEE232B8B5B001CEFCF /* SinusBarChartViewController.xib */,
				B09F9BEF232B8B5B001CEFCF /* BarChartViewController.xib */,
				B09F9BF0232B8B5B001CEFCF /* ColoredLineChartViewController.xib */,
				B09F9BF1232B8B5B001CEFCF /* LineChart2ViewController.xib */,
				B09F9BF2232B8B5B001CEFCF /* PiePolylineChartViewController.xib */,
				B09F9BF3232B8B5B001CEFCF /* PieChartViewController.xib */,
				B09F9BF4232B8B5B001CEFCF /* LineChart1ViewController.xib */,
				B09F9BF5232B8B5B001CEFCF /* MultipleLinesChartViewController.xib */,
				B09F9BF6232B8B5B001CEFCF /* NegativeStackedBarChartViewController.xib */,
				B09F9BF7232B8B5B001CEFCF /* MultipleBarChartViewController.xib */,
				B09F9BF8232B8B5B001CEFCF /* CombinedChartViewController.xib */,
				B09F9BF9232B8B5B001CEFCF /* StackedBarChartViewController.xib */,
				B09F9BFA232B8B5B001CEFCF /* HalfPieChartViewController.xib */,
				B09F9BFB232B8B5B001CEFCF /* HorizontalBarChartViewController.xib */,
				B09F9BFC232B8B5B001CEFCF /* CandleStickChartViewController.xib */,
				B09F9BFD232B8B5B001CEFCF /* ScatterChartViewController.xib */,
				B09F9BFE232B8B5B001CEFCF /* PositiveNegativeBarChartViewController.xib */,
				B09F9BFF232B8B5B001CEFCF /* CubicLineChartViewController.xib */,
				B09F9C00232B8B5B001CEFCF /* LineChartFilledViewController.xib */,
				B09F9C01232B8B5B001CEFCF /* RadarChartViewController.xib */,
				B09F9C02232B8B5B001CEFCF /* RealmDemosViewController.xib */,
				B09F9C03232B8B5B001CEFCF /* AnotherBarChartViewController.xib */,
				B09F9C04232B8B5B001CEFCF /* BubbleChartViewController.xib */,
				B09F9C05232B8B5B001CEFCF /* LineChartTimeViewController.xib */,
			);
			path = Demos;
			sourceTree = "<group>";
		};
		B8D2186DC21948B0C3D6A6FD /* Frameworks */ = {
			isa = PBXGroup;
			children = (
				8CD2E272248DF5791929A731 /* Pods_ChartsExtension_Example.framework */,
				5E0730AD0A2BE011E1EDBB9F /* Pods_ChartsExtension_Tests.framework */,
			);
			name = Frameworks;
			sourceTree = "<group>";
		};
/* End PBXGroup section */

/* Begin PBXNativeTarget section */
		607FACCF1AFB9204008FA782 /* ChartsExtension_Example */ = {
			isa = PBXNativeTarget;
			buildConfigurationList = 607FACEF1AFB9204008FA782 /* Build configuration list for PBXNativeTarget "ChartsExtension_Example" */;
			buildPhases = (
				9A6D041D33F6207C51E13CFD /* [CP] Check Pods Manifest.lock */,
				607FACCC1AFB9204008FA782 /* Sources */,
				607FACCD1AFB9204008FA782 /* Frameworks */,
				607FACCE1AFB9204008FA782 /* Resources */,
				2289E45D35425DA1A253861A /* [CP] Embed Pods Frameworks */,
			);
			buildRules = (
			);
			dependencies = (
			);
			name = ChartsExtension_Example;
			productName = ChartsExtension;
			productReference = 607FACD01AFB9204008FA782 /* ChartsExtension_Example.app */;
			productType = "com.apple.product-type.application";
		};
		607FACE41AFB9204008FA782 /* ChartsExtension_Tests */ = {
			isa = PBXNativeTarget;
			buildConfigurationList = 607FACF21AFB9204008FA782 /* Build configuration list for PBXNativeTarget "ChartsExtension_Tests" */;
			buildPhases = (
				DD5D69902B6652D3FF42A6F1 /* [CP] Check Pods Manifest.lock */,
				607FACE11AFB9204008FA782 /* Sources */,
				607FACE21AFB9204008FA782 /* Frameworks */,
				607FACE31AFB9204008FA782 /* Resources */,
			);
			buildRules = (
			);
			dependencies = (
				607FACE71AFB9204008FA782 /* PBXTargetDependency */,
			);
			name = ChartsExtension_Tests;
			productName = Tests;
			productReference = 607FACE51AFB9204008FA782 /* ChartsExtension_Tests.xctest */;
			productType = "com.apple.product-type.bundle.unit-test";
		};
/* End PBXNativeTarget section */

/* Begin PBXProject section */
		607FACC81AFB9204008FA782 /* Project object */ = {
			isa = PBXProject;
			attributes = {
				LastSwiftUpdateCheck = 0830;
				LastUpgradeCheck = 1030;
				ORGANIZATIONNAME = CocoaPods;
				TargetAttributes = {
					607FACCF1AFB9204008FA782 = {
						CreatedOnToolsVersion = 6.3.1;
						DevelopmentTeam = G9WVW3GC5H;
						LastSwiftMigration = 1030;
					};
					607FACE41AFB9204008FA782 = {
						CreatedOnToolsVersion = 6.3.1;
						DevelopmentTeam = G9WVW3GC5H;
						LastSwiftMigration = 0900;
						TestTargetID = 607FACCF1AFB9204008FA782;
					};
				};
			};
			buildConfigurationList = 607FACCB1AFB9204008FA782 /* Build configuration list for PBXProject "ChartsExtension" */;
			compatibilityVersion = "Xcode 3.2";
			developmentRegion = English;
			hasScannedForEncodings = 0;
			knownRegions = (
				English,
				en,
				Base,
			);
			mainGroup = 607FACC71AFB9204008FA782;
			productRefGroup = 607FACD11AFB9204008FA782 /* Products */;
			projectDirPath = "";
			projectRoot = "";
			targets = (
				607FACCF1AFB9204008FA782 /* ChartsExtension_Example */,
				607FACE41AFB9204008FA782 /* ChartsExtension_Tests */,
			);
		};
/* End PBXProject section */

/* Begin PBXResourcesBuildPhase section */
		607FACCE1AFB9204008FA782 /* Resources */ = {
			isa = PBXResourcesBuildPhase;
			buildActionMask = 2147483647;
			files = (
				B09F9C34232B8B5C001CEFCF /* StackedBarChartViewController.xib in Resources */,
				B09F9C2D232B8B5B001CEFCF /* PiePolylineChartViewController.xib in Resources */,
				B09F9C32232B8B5B001CEFCF /* MultipleBarChartViewController.xib in Resources */,
				B09F9C2A232B8B5B001CEFCF /* BarChartViewController.xib in Resources */,
				B09F9C15232B8B5B001CEFCF /* ExamChartViewController.xib in Resources */,
				B09F9C40232B8B5C001CEFCF /* LineChartTimeViewController.xib in Resources */,
				B09F9C0A232B8B5B001CEFCF /* LifeCareChartViewController.xib in Resources */,
				607FACDB1AFB9204008FA782 /* Main.storyboard in Resources */,
				B09F9C3D232B8B5C001CEFCF /* RealmDemosViewController.xib in Resources */,
				B09F9C35232B8B5C001CEFCF /* HalfPieChartViewController.xib in Resources */,
				B09F9C2E232B8B5B001CEFCF /* PieChartViewController.xib in Resources */,
				B09F9C39232B8B5C001CEFCF /* PositiveNegativeBarChartViewController.xib in Resources */,
				B09F9C3F232B8B5C001CEFCF /* BubbleChartViewController.xib in Resources */,
				B09F9C30232B8B5B001CEFCF /* MultipleLinesChartViewController.xib in Resources */,
				B09F9C3C232B8B5C001CEFCF /* RadarChartViewController.xib in Resources */,
				B09F9C27232B8B5B001CEFCF /* RadarMarkerView.xib in Resources */,
				B09F9C3A232B8B5C001CEFCF /* CubicLineChartViewController.xib in Resources */,
				B09F9C2F232B8B5B001CEFCF /* LineChart1ViewController.xib in Resources */,
				B09F9C33232B8B5B001CEFCF /* CombinedChartViewController.xib in Resources */,
				B09F9C28232B8B5B001CEFCF /* DemoListViewController.xib in Resources */,
				607FACE01AFB9204008FA782 /* LaunchScreen.xib in Resources */,
				607FACDD1AFB9204008FA782 /* Images.xcassets in Resources */,
				B09F9C2B232B8B5B001CEFCF /* ColoredLineChartViewController.xib in Resources */,
				B09F9C3E232B8B5C001CEFCF /* AnotherBarChartViewController.xib in Resources */,
				B09F9C13232B8B5B001CEFCF /* BGMBarChartViewController.xib in Resources */,
				B09F9C29232B8B5B001CEFCF /* SinusBarChartViewController.xib in Resources */,
				B09F9C3B232B8B5C001CEFCF /* LineChartFilledViewController.xib in Resources */,
				B09F9C38232B8B5C001CEFCF /* ScatterChartViewController.xib in Resources */,
				B09F9C2C232B8B5B001CEFCF /* LineChart2ViewController.xib in Resources */,
				B09F9C31232B8B5B001CEFCF /* NegativeStackedBarChartViewController.xib in Resources */,
				B09F9C37232B8B5C001CEFCF /* CandleStickChartViewController.xib in Resources */,
				B09F9C0B232B8B5B001CEFCF /* ExamBarChartViewController.xib in Resources */,
				B09F9C36232B8B5C001CEFCF /* HorizontalBarChartViewController.xib in Resources */,
			);
			runOnlyForDeploymentPostprocessing = 0;
		};
		607FACE31AFB9204008FA782 /* Resources */ = {
			isa = PBXResourcesBuildPhase;
			buildActionMask = 2147483647;
			files = (
			);
			runOnlyForDeploymentPostprocessing = 0;
		};
/* End PBXResourcesBuildPhase section */

/* Begin PBXShellScriptBuildPhase section */
		2289E45D35425DA1A253861A /* [CP] Embed Pods Frameworks */ = {
			isa = PBXShellScriptBuildPhase;
			buildActionMask = 2147483647;
			files = (
			);
			inputPaths = (
				"${PODS_ROOT}/Target Support Files/Pods-ChartsExtension_Example/Pods-ChartsExtension_Example-frameworks.sh",
				"${BUILT_PRODUCTS_DIR}/ChartsExtension/ChartsExtension.framework",
			);
			name = "[CP] Embed Pods Frameworks";
			outputPaths = (
				"${TARGET_BUILD_DIR}/${FRAMEWORKS_FOLDER_PATH}/ChartsExtension.framework",
			);
			runOnlyForDeploymentPostprocessing = 0;
			shellPath = /bin/sh;
			shellScript = "\"${PODS_ROOT}/Target Support Files/Pods-ChartsExtension_Example/Pods-ChartsExtension_Example-frameworks.sh\"\n";
			showEnvVarsInLog = 0;
		};
		9A6D041D33F6207C51E13CFD /* [CP] Check Pods Manifest.lock */ = {
			isa = PBXShellScriptBuildPhase;
			buildActionMask = 2147483647;
			files = (
			);
			inputFileListPaths = (
			);
			inputPaths = (
				"${PODS_PODFILE_DIR_PATH}/Podfile.lock",
				"${PODS_ROOT}/Manifest.lock",
			);
			name = "[CP] Check Pods Manifest.lock";
			outputFileListPaths = (
			);
			outputPaths = (
				"$(DERIVED_FILE_DIR)/Pods-ChartsExtension_Example-checkManifestLockResult.txt",
			);
			runOnlyForDeploymentPostprocessing = 0;
			shellPath = /bin/sh;
			shellScript = "diff \"${PODS_PODFILE_DIR_PATH}/Podfile.lock\" \"${PODS_ROOT}/Manifest.lock\" > /dev/null\nif [ $? != 0 ] ; then\n    # print error to STDERR\n    echo \"error: The sandbox is not in sync with the Podfile.lock. Run 'pod install' or update your CocoaPods installation.\" >&2\n    exit 1\nfi\n# This output is used by Xcode 'outputs' to avoid re-running this script phase.\necho \"SUCCESS\" > \"${SCRIPT_OUTPUT_FILE_0}\"\n";
			showEnvVarsInLog = 0;
		};
		DD5D69902B6652D3FF42A6F1 /* [CP] Check Pods Manifest.lock */ = {
			isa = PBXShellScriptBuildPhase;
			buildActionMask = 2147483647;
			files = (
			);
			inputFileListPaths = (
			);
			inputPaths = (
				"${PODS_PODFILE_DIR_PATH}/Podfile.lock",
				"${PODS_ROOT}/Manifest.lock",
			);
			name = "[CP] Check Pods Manifest.lock";
			outputFileListPaths = (
			);
			outputPaths = (
				"$(DERIVED_FILE_DIR)/Pods-ChartsExtension_Tests-checkManifestLockResult.txt",
			);
			runOnlyForDeploymentPostprocessing = 0;
			shellPath = /bin/sh;
			shellScript = "diff \"${PODS_PODFILE_DIR_PATH}/Podfile.lock\" \"${PODS_ROOT}/Manifest.lock\" > /dev/null\nif [ $? != 0 ] ; then\n    # print error to STDERR\n    echo \"error: The sandbox is not in sync with the Podfile.lock. Run 'pod install' or update your CocoaPods installation.\" >&2\n    exit 1\nfi\n# This output is used by Xcode 'outputs' to avoid re-running this script phase.\necho \"SUCCESS\" > \"${SCRIPT_OUTPUT_FILE_0}\"\n";
			showEnvVarsInLog = 0;
		};
/* End PBXShellScriptBuildPhase section */

/* Begin PBXSourcesBuildPhase section */
		607FACCC1AFB9204008FA782 /* Sources */ = {
			isa = PBXSourcesBuildPhase;
			buildActionMask = 2147483647;
			files = (
				B09F9C26232B8B5B001CEFCF /* DemoBaseViewController.swift in Sources */,
				B09F9C0E232B8B5B001CEFCF /* ColoredLineChartViewController.swift in Sources */,
				B09F9C24232B8B5B001CEFCF /* CandleStickChartViewController.swift in Sources */,
				B09F9C16232B8B5B001CEFCF /* StackedBarChartViewController.swift in Sources */,
				B09F9C1D232B8B5B001CEFCF /* CubicLineChartViewController.swift in Sources */,
				B09F9C22232B8B5B001CEFCF /* BarChartViewController.swift in Sources */,
				B09F9C1B232B8B5B001CEFCF /* AnotherBarChartViewController.swift in Sources */,
				B09F9C0D232B8B5B001CEFCF /* LineChartTimeViewController.swift in Sources */,
				B09F9C1F232B8B5B001CEFCF /* HorizontalBarChartViewController.swift in Sources */,
				B09F9C09232B8B5B001CEFCF /* HalfPieChartViewController.swift in Sources */,
				B09F9C18232B8B5B001CEFCF /* ExamChartViewController.swift in Sources */,
				B09F9C1C232B8B5B001CEFCF /* PieChartViewController.swift in Sources */,
				B09F9C07232B8B5B001CEFCF /* MultipleLinesChartViewController.swift in Sources */,
				B09F9C19232B8B5B001CEFCF /* LineChartFilledViewController.swift in Sources */,
				B09F9C1E232B8B5B001CEFCF /* RadarChartViewController.swift in Sources */,
				B09F9C08232B8B5B001CEFCF /* MultipleBarChartViewController.swift in Sources */,
				B09F9C11232B8B5B001CEFCF /* NegativeStackedBarChartViewController.swift in Sources */,
				B09F9C0F232B8B5B001CEFCF /* LineChart2ViewController.swift in Sources */,
				B09F9C14232B8B5B001CEFCF /* LifeCareChartViewController.swift in Sources */,
				B09F9C1A232B8B5B001CEFCF /* PositiveNegativeBarChartViewController.swift in Sources */,
				B09F9C21232B8B5B001CEFCF /* CombinedChartViewController.swift in Sources */,
				607FACD81AFB9204008FA782 /* ViewController.swift in Sources */,
				B09F9C41232B8B5C001CEFCF /* DemoListViewController.swift in Sources */,
				B09F9C25232B8B5B001CEFCF /* ExamBarChartViewController.swift in Sources */,
				B09F9C20232B8B5B001CEFCF /* PiePolylineChartViewController.swift in Sources */,
				B09F9C12232B8B5B001CEFCF /* ScatterChartViewController.swift in Sources */,
				B09F9C10232B8B5B001CEFCF /* LineChart1ViewController.swift in Sources */,
				B09F9C0C232B8B5B001CEFCF /* BGMBarChartViewController.swift in Sources */,
				B09F9C17232B8B5B001CEFCF /* BubbleChartViewController.swift in Sources */,
				B09F9C23232B8B5B001CEFCF /* SinusBarChartViewController.swift in Sources */,
				607FACD61AFB9204008FA782 /* AppDelegate.swift in Sources */,
			);
			runOnlyForDeploymentPostprocessing = 0;
		};
		607FACE11AFB9204008FA782 /* Sources */ = {
			isa = PBXSourcesBuildPhase;
			buildActionMask = 2147483647;
			files = (
				607FACEC1AFB9204008FA782 /* Tests.swift in Sources */,
			);
			runOnlyForDeploymentPostprocessing = 0;
		};
/* End PBXSourcesBuildPhase section */

/* Begin PBXTargetDependency section */
		607FACE71AFB9204008FA782 /* PBXTargetDependency */ = {
			isa = PBXTargetDependency;
			target = 607FACCF1AFB9204008FA782 /* ChartsExtension_Example */;
			targetProxy = 607FACE61AFB9204008FA782 /* PBXContainerItemProxy */;
		};
/* End PBXTargetDependency section */

/* Begin PBXVariantGroup section */
		607FACD91AFB9204008FA782 /* Main.storyboard */ = {
			isa = PBXVariantGroup;
			children = (
				607FACDA1AFB9204008FA782 /* Base */,
			);
			name = Main.storyboard;
			sourceTree = "<group>";
		};
		607FACDE1AFB9204008FA782 /* LaunchScreen.xib */ = {
			isa = PBXVariantGroup;
			children = (
				607FACDF1AFB9204008FA782 /* Base */,
			);
			name = LaunchScreen.xib;
			sourceTree = "<group>";
		};
/* End PBXVariantGroup section */

/* Begin XCBuildConfiguration section */
		607FACED1AFB9204008FA782 /* Debug */ = {
			isa = XCBuildConfiguration;
			buildSettings = {
				ALWAYS_SEARCH_USER_PATHS = NO;
				CLANG_ANALYZER_LOCALIZABILITY_NONLOCALIZED = YES;
				CLANG_CXX_LANGUAGE_STANDARD = "gnu++0x";
				CLANG_CXX_LIBRARY = "libc++";
				CLANG_ENABLE_MODULES = YES;
				CLANG_ENABLE_OBJC_ARC = YES;
				CLANG_WARN_BLOCK_CAPTURE_AUTORELEASING = YES;
				CLANG_WARN_BOOL_CONVERSION = YES;
				CLANG_WARN_COMMA = YES;
				CLANG_WARN_CONSTANT_CONVERSION = YES;
				CLANG_WARN_DEPRECATED_OBJC_IMPLEMENTATIONS = YES;
				CLANG_WARN_DIRECT_OBJC_ISA_USAGE = YES_ERROR;
				CLANG_WARN_EMPTY_BODY = YES;
				CLANG_WARN_ENUM_CONVERSION = YES;
				CLANG_WARN_INFINITE_RECURSION = YES;
				CLANG_WARN_INT_CONVERSION = YES;
				CLANG_WARN_NON_LITERAL_NULL_CONVERSION = YES;
				CLANG_WARN_OBJC_IMPLICIT_RETAIN_SELF = YES;
				CLANG_WARN_OBJC_LITERAL_CONVERSION = YES;
				CLANG_WARN_OBJC_ROOT_CLASS = YES_ERROR;
				CLANG_WARN_RANGE_LOOP_ANALYSIS = YES;
				CLANG_WARN_STRICT_PROTOTYPES = YES;
				CLANG_WARN_SUSPICIOUS_MOVE = YES;
				CLANG_WARN_UNREACHABLE_CODE = YES;
				CLANG_WARN__DUPLICATE_METHOD_MATCH = YES;
				"CODE_SIGN_IDENTITY[sdk=iphoneos*]" = "iPhone Developer";
				COPY_PHASE_STRIP = NO;
				DEBUG_INFORMATION_FORMAT = "dwarf-with-dsym";
				ENABLE_STRICT_OBJC_MSGSEND = YES;
				ENABLE_TESTABILITY = YES;
				GCC_C_LANGUAGE_STANDARD = gnu99;
				GCC_DYNAMIC_NO_PIC = NO;
				GCC_NO_COMMON_BLOCKS = YES;
				GCC_OPTIMIZATION_LEVEL = 0;
				GCC_PREPROCESSOR_DEFINITIONS = (
					"DEBUG=1",
					"$(inherited)",
				);
				GCC_SYMBOLS_PRIVATE_EXTERN = NO;
				GCC_WARN_64_TO_32_BIT_CONVERSION = YES;
				GCC_WARN_ABOUT_RETURN_TYPE = YES_ERROR;
				GCC_WARN_UNDECLARED_SELECTOR = YES;
				GCC_WARN_UNINITIALIZED_AUTOS = YES_AGGRESSIVE;
				GCC_WARN_UNUSED_FUNCTION = YES;
				GCC_WARN_UNUSED_VARIABLE = YES;
				IPHONEOS_DEPLOYMENT_TARGET = 9.3;
				MTL_ENABLE_DEBUG_INFO = YES;
				ONLY_ACTIVE_ARCH = YES;
				SDKROOT = iphoneos;
				SWIFT_OPTIMIZATION_LEVEL = "-Onone";
				SWIFT_VERSION = 5.0;
			};
			name = Debug;
		};
		607FACEE1AFB9204008FA782 /* Release */ = {
			isa = XCBuildConfiguration;
			buildSettings = {
				ALWAYS_SEARCH_USER_PATHS = NO;
				CLANG_ANALYZER_LOCALIZABILITY_NONLOCALIZED = YES;
				CLANG_CXX_LANGUAGE_STANDARD = "gnu++0x";
				CLANG_CXX_LIBRARY = "libc++";
				CLANG_ENABLE_MODULES = YES;
				CLANG_ENABLE_OBJC_ARC = YES;
				CLANG_WARN_BLOCK_CAPTURE_AUTORELEASING = YES;
				CLANG_WARN_BOOL_CONVERSION = YES;
				CLANG_WARN_COMMA = YES;
				CLANG_WARN_CONSTANT_CONVERSION = YES;
				CLANG_WARN_DEPRECATED_OBJC_IMPLEMENTATIONS = YES;
				CLANG_WARN_DIRECT_OBJC_ISA_USAGE = YES_ERROR;
				CLANG_WARN_EMPTY_BODY = YES;
				CLANG_WARN_ENUM_CONVERSION = YES;
				CLANG_WARN_INFINITE_RECURSION = YES;
				CLANG_WARN_INT_CONVERSION = YES;
				CLANG_WARN_NON_LITERAL_NULL_CONVERSION = YES;
				CLANG_WARN_OBJC_IMPLICIT_RETAIN_SELF = YES;
				CLANG_WARN_OBJC_LITERAL_CONVERSION = YES;
				CLANG_WARN_OBJC_ROOT_CLASS = YES_ERROR;
				CLANG_WARN_RANGE_LOOP_ANALYSIS = YES;
				CLANG_WARN_STRICT_PROTOTYPES = YES;
				CLANG_WARN_SUSPICIOUS_MOVE = YES;
				CLANG_WARN_UNREACHABLE_CODE = YES;
				CLANG_WARN__DUPLICATE_METHOD_MATCH = YES;
				"CODE_SIGN_IDENTITY[sdk=iphoneos*]" = "iPhone Developer";
				COPY_PHASE_STRIP = NO;
				DEBUG_INFORMATION_FORMAT = "dwarf-with-dsym";
				ENABLE_NS_ASSERTIONS = NO;
				ENABLE_STRICT_OBJC_MSGSEND = YES;
				GCC_C_LANGUAGE_STANDARD = gnu99;
				GCC_NO_COMMON_BLOCKS = YES;
				GCC_WARN_64_TO_32_BIT_CONVERSION = YES;
				GCC_WARN_ABOUT_RETURN_TYPE = YES_ERROR;
				GCC_WARN_UNDECLARED_SELECTOR = YES;
				GCC_WARN_UNINITIALIZED_AUTOS = YES_AGGRESSIVE;
				GCC_WARN_UNUSED_FUNCTION = YES;
				GCC_WARN_UNUSED_VARIABLE = YES;
				IPHONEOS_DEPLOYMENT_TARGET = 9.3;
				MTL_ENABLE_DEBUG_INFO = NO;
				SDKROOT = iphoneos;
				SWIFT_OPTIMIZATION_LEVEL = "-Owholemodule";
				SWIFT_VERSION = 5.0;
				VALIDATE_PRODUCT = YES;
			};
			name = Release;
		};
		607FACF01AFB9204008FA782 /* Debug */ = {
			isa = XCBuildConfiguration;
			baseConfigurationReference = AF2F649FE19F45F4DC381888 /* Pods-ChartsExtension_Example.debug.xcconfig */;
			buildSettings = {
				ASSETCATALOG_COMPILER_APPICON_NAME = AppIcon;
				DEVELOPMENT_TEAM = G9WVW3GC5H;
				INFOPLIST_FILE = ChartsExtension/Info.plist;
				LD_RUNPATH_SEARCH_PATHS = "$(inherited) @executable_path/Frameworks";
				MODULE_NAME = ExampleApp;
				PRODUCT_BUNDLE_IDENTIFIER = "org.cocoapods.demo.$(PRODUCT_NAME:rfc1034identifier)";
				PRODUCT_NAME = "$(TARGET_NAME)";
				SWIFT_VERSION = 5.0;
				TARGETED_DEVICE_FAMILY = "1,2";
			};
			name = Debug;
		};
		607FACF11AFB9204008FA782 /* Release */ = {
			isa = XCBuildConfiguration;
			baseConfigurationReference = A11261A22A3A50566CB8861F /* Pods-ChartsExtension_Example.release.xcconfig */;
			buildSettings = {
				ASSETCATALOG_COMPILER_APPICON_NAME = AppIcon;
				DEVELOPMENT_TEAM = G9WVW3GC5H;
				INFOPLIST_FILE = ChartsExtension/Info.plist;
				LD_RUNPATH_SEARCH_PATHS = "$(inherited) @executable_path/Frameworks";
				MODULE_NAME = ExampleApp;
				PRODUCT_BUNDLE_IDENTIFIER = "org.cocoapods.demo.$(PRODUCT_NAME:rfc1034identifier)";
				PRODUCT_NAME = "$(TARGET_NAME)";
				SWIFT_VERSION = 5.0;
				TARGETED_DEVICE_FAMILY = "1,2";
			};
			name = Release;
		};
		607FACF31AFB9204008FA782 /* Debug */ = {
			isa = XCBuildConfiguration;
			baseConfigurationReference = FF68064DBB84A1554893F085 /* Pods-ChartsExtension_Tests.debug.xcconfig */;
			buildSettings = {
				DEVELOPMENT_TEAM = G9WVW3GC5H;
				FRAMEWORK_SEARCH_PATHS = (
					"$(PLATFORM_DIR)/Developer/Library/Frameworks",
					"$(inherited)",
				);
				GCC_PREPROCESSOR_DEFINITIONS = (
					"DEBUG=1",
					"$(inherited)",
				);
				INFOPLIST_FILE = Tests/Info.plist;
				LD_RUNPATH_SEARCH_PATHS = "$(inherited) @executable_path/Frameworks @loader_path/Frameworks";
				PRODUCT_BUNDLE_IDENTIFIER = "org.cocoapods.$(PRODUCT_NAME:rfc1034identifier)";
				PRODUCT_NAME = "$(TARGET_NAME)";
				SWIFT_SWIFT3_OBJC_INFERENCE = Default;
				SWIFT_VERSION = 5.0;
				TEST_HOST = "$(BUILT_PRODUCTS_DIR)/ChartsExtension_Example.app/ChartsExtension_Example";
			};
			name = Debug;
		};
		607FACF41AFB9204008FA782 /* Release */ = {
			isa = XCBuildConfiguration;
			baseConfigurationReference = D223C8B07083D0779E87EEEA /* Pods-ChartsExtension_Tests.release.xcconfig */;
			buildSettings = {
				DEVELOPMENT_TEAM = G9WVW3GC5H;
				FRAMEWORK_SEARCH_PATHS = (
					"$(PLATFORM_DIR)/Developer/Library/Frameworks",
					"$(inherited)",
				);
				INFOPLIST_FILE = Tests/Info.plist;
				LD_RUNPATH_SEARCH_PATHS = "$(inherited) @executable_path/Frameworks @loader_path/Frameworks";
				PRODUCT_BUNDLE_IDENTIFIER = "org.cocoapods.$(PRODUCT_NAME:rfc1034identifier)";
				PRODUCT_NAME = "$(TARGET_NAME)";
				SWIFT_SWIFT3_OBJC_INFERENCE = Default;
				SWIFT_VERSION = 5.0;
				TEST_HOST = "$(BUILT_PRODUCTS_DIR)/ChartsExtension_Example.app/ChartsExtension_Example";
			};
			name = Release;
		};
/* End XCBuildConfiguration section */

/* Begin XCConfigurationList section */
		607FACCB1AFB9204008FA782 /* Build configuration list for PBXProject "ChartsExtension" */ = {
			isa = XCConfigurationList;
			buildConfigurations = (
				607FACED1AFB9204008FA782 /* Debug */,
				607FACEE1AFB9204008FA782 /* Release */,
			);
			defaultConfigurationIsVisible = 0;
			defaultConfigurationName = Release;
		};
		607FACEF1AFB9204008FA782 /* Build configuration list for PBXNativeTarget "ChartsExtension_Example" */ = {
			isa = XCConfigurationList;
			buildConfigurations = (
				607FACF01AFB9204008FA782 /* Debug */,
				607FACF11AFB9204008FA782 /* Release */,
			);
			defaultConfigurationIsVisible = 0;
			defaultConfigurationName = Release;
		};
		607FACF21AFB9204008FA782 /* Build configuration list for PBXNativeTarget "ChartsExtension_Tests" */ = {
			isa = XCConfigurationList;
			buildConfigurations = (
				607FACF31AFB9204008FA782 /* Debug */,
				607FACF41AFB9204008FA782 /* Release */,
			);
			defaultConfigurationIsVisible = 0;
			defaultConfigurationName = Release;
		};
/* End XCConfigurationList section */
	};
	rootObject = 607FACC81AFB9204008FA782 /* Project object */;
}
