// !$*UTF8*$!
{
	archiveVersion = 1;
	classes = {
	};
	objectVersion = 46;
	objects = {

/* Begin PBXBuildFile section */
		07B4CE1DC122AB41E64A91C7 /* Pods_ChartsExtension_Example.framework in Frameworks */ = {isa = PBXBuildFile; fileRef = 8CD2E272248DF5791929A731 /* Pods_ChartsExtension_Example.framework */; };
		607FACD61AFB9204008FA782 /* AppDelegate.swift in Sources */ = {isa = PBXBuildFile; fileRef = 607FACD51AFB9204008FA782 /* AppDelegate.swift */; };
		607FACD81AFB9204008FA782 /* ViewController.swift in Sources */ = {isa = PBXBuildFile; fileRef = 607FACD71AFB9204008FA782 /* ViewController.swift */; };
		607FACDB1AFB9204008FA782 /* Main.storyboard in Resources */ = {isa = PBXBuildFile; fileRef = 607FACD91AFB9204008FA782 /* Main.storyboard */; };
		607FACDD1AFB9204008FA782 /* Images.xcassets in Resources */ = {isa = PBXBuildFile; fileRef = 607FACDC1AFB9204008FA782 /* Images.xcassets */; };
		607FACE01AFB9204008FA782 /* LaunchScreen.xib in Resources */ = {isa = PBXBuildFile; fileRef = 607FACDE1AFB9204008FA782 /* LaunchScreen.xib */; };
		607FACEC1AFB9204008FA782 /* Tests.swift in Sources */ = {isa = PBXBuildFile; fileRef = 607FACEB1AFB9204008FA782 /* Tests.swift */; };
		B05168CE230EA93600E812A1 /* DataApproximator.swift in Sources */ = {isa = PBXBuildFile; fileRef = B0516835230EA93500E812A1 /* DataApproximator.swift */; };
		B05168CF230EA93600E812A1 /* DataApproximator+N.swift in Sources */ = {isa = PBXBuildFile; fileRef = B0516836230EA93500E812A1 /* DataApproximator+N.swift */; };
		B05168D0230EA93600E812A1 /* RadarChartRenderer.swift in Sources */ = {isa = PBXBuildFile; fileRef = B0516838230EA93500E812A1 /* RadarChartRenderer.swift */; };
		B05168D1230EA93600E812A1 /* LegendRenderer.swift in Sources */ = {isa = PBXBuildFile; fileRef = B0516839230EA93500E812A1 /* LegendRenderer.swift */; };
		B05168D2230EA93600E812A1 /* YAxisRendererHorizontalBarChart.swift in Sources */ = {isa = PBXBuildFile; fileRef = B051683A230EA93500E812A1 /* YAxisRendererHorizontalBarChart.swift */; };
		B05168D3230EA93600E812A1 /* BubbleChartRenderer.swift in Sources */ = {isa = PBXBuildFile; fileRef = B051683B230EA93500E812A1 /* BubbleChartRenderer.swift */; };
		B05168D4230EA93600E812A1 /* LineChartRenderer.swift in Sources */ = {isa = PBXBuildFile; fileRef = B051683C230EA93500E812A1 /* LineChartRenderer.swift */; };
		B05168D5230EA93600E812A1 /* AxisRendererBase.swift in Sources */ = {isa = PBXBuildFile; fileRef = B051683D230EA93500E812A1 /* AxisRendererBase.swift */; };
		B05168D6230EA93600E812A1 /* ChartDataRendererBase.swift in Sources */ = {isa = PBXBuildFile; fileRef = B051683E230EA93500E812A1 /* ChartDataRendererBase.swift */; };
		B05168D7230EA93600E812A1 /* YAxisRenderer.swift in Sources */ = {isa = PBXBuildFile; fileRef = B051683F230EA93500E812A1 /* YAxisRenderer.swift */; };
		B05168D8230EA93600E812A1 /* ScatterChartRenderer.swift in Sources */ = {isa = PBXBuildFile; fileRef = B0516840230EA93500E812A1 /* ScatterChartRenderer.swift */; };
		B05168D9230EA93600E812A1 /* CombinedChartRenderer.swift in Sources */ = {isa = PBXBuildFile; fileRef = B0516841230EA93500E812A1 /* CombinedChartRenderer.swift */; };
		B05168DA230EA93600E812A1 /* CandleStickChartRenderer.swift in Sources */ = {isa = PBXBuildFile; fileRef = B0516842230EA93500E812A1 /* CandleStickChartRenderer.swift */; };
		B05168DB230EA93600E812A1 /* BarChartRenderer.swift in Sources */ = {isa = PBXBuildFile; fileRef = B0516843230EA93500E812A1 /* BarChartRenderer.swift */; };
		B05168DC230EA93600E812A1 /* XAxisRenderer.swift in Sources */ = {isa = PBXBuildFile; fileRef = B0516844230EA93500E812A1 /* XAxisRenderer.swift */; };
		B05168DD230EA93600E812A1 /* LineRadarRenderer.swift in Sources */ = {isa = PBXBuildFile; fileRef = B0516845230EA93500E812A1 /* LineRadarRenderer.swift */; };
		B05168DE230EA93600E812A1 /* BarLineScatterCandleBubbleRenderer.swift in Sources */ = {isa = PBXBuildFile; fileRef = B0516846230EA93500E812A1 /* BarLineScatterCandleBubbleRenderer.swift */; };
		B05168DF230EA93600E812A1 /* XShapeRenderer.swift in Sources */ = {isa = PBXBuildFile; fileRef = B0516848230EA93500E812A1 /* XShapeRenderer.swift */; };
		B05168E0230EA93600E812A1 /* SquareShapeRenderer.swift in Sources */ = {isa = PBXBuildFile; fileRef = B0516849230EA93500E812A1 /* SquareShapeRenderer.swift */; };
		B05168E1230EA93600E812A1 /* ChevronDownShapeRenderer.swift in Sources */ = {isa = PBXBuildFile; fileRef = B051684A230EA93500E812A1 /* ChevronDownShapeRenderer.swift */; };
		B05168E2230EA93600E812A1 /* IShapeRenderer.swift in Sources */ = {isa = PBXBuildFile; fileRef = B051684B230EA93500E812A1 /* IShapeRenderer.swift */; };
		B05168E3230EA93600E812A1 /* CircleShapeRenderer.swift in Sources */ = {isa = PBXBuildFile; fileRef = B051684C230EA93500E812A1 /* CircleShapeRenderer.swift */; };
		B05168E4230EA93600E812A1 /* CrossShapeRenderer.swift in Sources */ = {isa = PBXBuildFile; fileRef = B051684D230EA93500E812A1 /* CrossShapeRenderer.swift */; };
		B05168E5230EA93600E812A1 /* TriangleShapeRenderer.swift in Sources */ = {isa = PBXBuildFile; fileRef = B051684E230EA93500E812A1 /* TriangleShapeRenderer.swift */; };
		B05168E6230EA93600E812A1 /* ChevronUpShapeRenderer.swift in Sources */ = {isa = PBXBuildFile; fileRef = B051684F230EA93500E812A1 /* ChevronUpShapeRenderer.swift */; };
		B05168E7230EA93600E812A1 /* XAxisRendererHorizontalBarChart.swift in Sources */ = {isa = PBXBuildFile; fileRef = B0516850230EA93500E812A1 /* XAxisRendererHorizontalBarChart.swift */; };
		B05168E8230EA93600E812A1 /* HorizontalBarChartRenderer.swift in Sources */ = {isa = PBXBuildFile; fileRef = B0516851230EA93500E812A1 /* HorizontalBarChartRenderer.swift */; };
		B05168E9230EA93600E812A1 /* XAxisRendererRadarChart.swift in Sources */ = {isa = PBXBuildFile; fileRef = B0516852230EA93500E812A1 /* XAxisRendererRadarChart.swift */; };
		B05168EA230EA93600E812A1 /* YAxisRendererRadarChart.swift in Sources */ = {isa = PBXBuildFile; fileRef = B0516853230EA93500E812A1 /* YAxisRendererRadarChart.swift */; };
		B05168EB230EA93600E812A1 /* PieChartRenderer.swift in Sources */ = {isa = PBXBuildFile; fileRef = B0516854230EA93500E812A1 /* PieChartRenderer.swift */; };
		B05168EC230EA93600E812A1 /* Renderer.swift in Sources */ = {isa = PBXBuildFile; fileRef = B0516855230EA93500E812A1 /* Renderer.swift */; };
		B05168ED230EA93600E812A1 /* LineScatterCandleRadarRenderer.swift in Sources */ = {isa = PBXBuildFile; fileRef = B0516856230EA93500E812A1 /* LineScatterCandleRadarRenderer.swift */; };
		B05168EE230EA93600E812A1 /* BarHighlighter.swift in Sources */ = {isa = PBXBuildFile; fileRef = B0516858230EA93500E812A1 /* BarHighlighter.swift */; };
		B05168EF230EA93600E812A1 /* RadarHighlighter.swift in Sources */ = {isa = PBXBuildFile; fileRef = B0516859230EA93500E812A1 /* RadarHighlighter.swift */; };
		B05168F0230EA93600E812A1 /* Highlight.swift in Sources */ = {isa = PBXBuildFile; fileRef = B051685A230EA93500E812A1 /* Highlight.swift */; };
		B05168F1230EA93600E812A1 /* PieHighlighter.swift in Sources */ = {isa = PBXBuildFile; fileRef = B051685B230EA93500E812A1 /* PieHighlighter.swift */; };
		B05168F2230EA93600E812A1 /* HorizontalBarHighlighter.swift in Sources */ = {isa = PBXBuildFile; fileRef = B051685C230EA93500E812A1 /* HorizontalBarHighlighter.swift */; };
		B05168F3230EA93600E812A1 /* PieRadarHighlighter.swift in Sources */ = {isa = PBXBuildFile; fileRef = B051685D230EA93500E812A1 /* PieRadarHighlighter.swift */; };
		B05168F4230EA93600E812A1 /* Range.swift in Sources */ = {isa = PBXBuildFile; fileRef = B051685E230EA93500E812A1 /* Range.swift */; };
		B05168F5230EA93600E812A1 /* ChartHighlighter.swift in Sources */ = {isa = PBXBuildFile; fileRef = B051685F230EA93500E812A1 /* ChartHighlighter.swift */; };
		B05168F6230EA93600E812A1 /* IHighlighter.swift in Sources */ = {isa = PBXBuildFile; fileRef = B0516860230EA93500E812A1 /* IHighlighter.swift */; };
		B05168F7230EA93600E812A1 /* CombinedHighlighter.swift in Sources */ = {isa = PBXBuildFile; fileRef = B0516861230EA93500E812A1 /* CombinedHighlighter.swift */; };
		B05168F8230EA93600E812A1 /* CandleStickChartView.swift in Sources */ = {isa = PBXBuildFile; fileRef = B0516863230EA93500E812A1 /* CandleStickChartView.swift */; };
		B05168F9230EA93600E812A1 /* RadarChartView.swift in Sources */ = {isa = PBXBuildFile; fileRef = B0516864230EA93500E812A1 /* RadarChartView.swift */; };
		B05168FA230EA93600E812A1 /* BarLineChartViewBase.swift in Sources */ = {isa = PBXBuildFile; fileRef = B0516865230EA93500E812A1 /* BarLineChartViewBase.swift */; };
		B05168FB230EA93600E812A1 /* LineChartView.swift in Sources */ = {isa = PBXBuildFile; fileRef = B0516866230EA93500E812A1 /* LineChartView.swift */; };
		B05168FC230EA93600E812A1 /* CombinedChartView.swift in Sources */ = {isa = PBXBuildFile; fileRef = B0516867230EA93500E812A1 /* CombinedChartView.swift */; };
		B05168FD230EA93600E812A1 /* HorizontalBarChartView.swift in Sources */ = {isa = PBXBuildFile; fileRef = B0516868230EA93500E812A1 /* HorizontalBarChartView.swift */; };
		B05168FE230EA93600E812A1 /* ChartViewBase.swift in Sources */ = {isa = PBXBuildFile; fileRef = B0516869230EA93500E812A1 /* ChartViewBase.swift */; };
		B05168FF230EA93600E812A1 /* BubbleChartView.swift in Sources */ = {isa = PBXBuildFile; fileRef = B051686A230EA93500E812A1 /* BubbleChartView.swift */; };
		B0516900230EA93600E812A1 /* PieRadarChartViewBase.swift in Sources */ = {isa = PBXBuildFile; fileRef = B051686B230EA93500E812A1 /* PieRadarChartViewBase.swift */; };
		B0516901230EA93600E812A1 /* BarChartView.swift in Sources */ = {isa = PBXBuildFile; fileRef = B051686C230EA93500E812A1 /* BarChartView.swift */; };
		B0516902230EA93600E812A1 /* ScatterChartView.swift in Sources */ = {isa = PBXBuildFile; fileRef = B051686D230EA93500E812A1 /* ScatterChartView.swift */; };
		B0516903230EA93600E812A1 /* PieChartView.swift in Sources */ = {isa = PBXBuildFile; fileRef = B051686E230EA93500E812A1 /* PieChartView.swift */; };
		B0516904230EA93600E812A1 /* ChartAnimationEasing.swift in Sources */ = {isa = PBXBuildFile; fileRef = B0516870230EA93500E812A1 /* ChartAnimationEasing.swift */; };
		B0516905230EA93600E812A1 /* Animator.swift in Sources */ = {isa = PBXBuildFile; fileRef = B0516871230EA93500E812A1 /* Animator.swift */; };
		B0516906230EA93600E812A1 /* IAxisValueFormatter.swift in Sources */ = {isa = PBXBuildFile; fileRef = B0516873230EA93500E812A1 /* IAxisValueFormatter.swift */; };
		B0516907230EA93600E812A1 /* DefaultFillFormatter.swift in Sources */ = {isa = PBXBuildFile; fileRef = B0516874230EA93500E812A1 /* DefaultFillFormatter.swift */; };
		B0516908230EA93600E812A1 /* DefaultValueFormatter.swift in Sources */ = {isa = PBXBuildFile; fileRef = B0516875230EA93500E812A1 /* DefaultValueFormatter.swift */; };
		B0516909230EA93600E812A1 /* DefaultAxisValueFormatter.swift in Sources */ = {isa = PBXBuildFile; fileRef = B0516876230EA93500E812A1 /* DefaultAxisValueFormatter.swift */; };
		B051690A230EA93600E812A1 /* IndexAxisValueFormatter.swift in Sources */ = {isa = PBXBuildFile; fileRef = B0516877230EA93500E812A1 /* IndexAxisValueFormatter.swift */; };
		B051690B230EA93600E812A1 /* IFillFormatter.swift in Sources */ = {isa = PBXBuildFile; fileRef = B0516878230EA93500E812A1 /* IFillFormatter.swift */; };
		B051690C230EA93600E812A1 /* IValueFormatter.swift in Sources */ = {isa = PBXBuildFile; fileRef = B0516879230EA93500E812A1 /* IValueFormatter.swift */; };
		B051690D230EA93600E812A1 /* Fill.swift in Sources */ = {isa = PBXBuildFile; fileRef = B051687B230EA93500E812A1 /* Fill.swift */; };
		B051690E230EA93600E812A1 /* Transformer.swift in Sources */ = {isa = PBXBuildFile; fileRef = B051687C230EA93500E812A1 /* Transformer.swift */; };
		B051690F230EA93600E812A1 /* ViewPortHandler.swift in Sources */ = {isa = PBXBuildFile; fileRef = B051687D230EA93500E812A1 /* ViewPortHandler.swift */; };
		B0516910230EA93600E812A1 /* Platform+Accessibility.swift in Sources */ = {isa = PBXBuildFile; fileRef = B051687E230EA93500E812A1 /* Platform+Accessibility.swift */; };
		B0516911230EA93600E812A1 /* Platform.swift in Sources */ = {isa = PBXBuildFile; fileRef = B051687F230EA93500E812A1 /* Platform.swift */; };
		B0516912230EA93600E812A1 /* ChartColorTemplates.swift in Sources */ = {isa = PBXBuildFile; fileRef = B0516880230EA93500E812A1 /* ChartColorTemplates.swift */; };
		B0516913230EA93600E812A1 /* TransformerHorizontalBarChart.swift in Sources */ = {isa = PBXBuildFile; fileRef = B0516881230EA93500E812A1 /* TransformerHorizontalBarChart.swift */; };
		B0516914230EA93600E812A1 /* ChartUtils.swift in Sources */ = {isa = PBXBuildFile; fileRef = B0516882230EA93500E812A1 /* ChartUtils.swift */; };
		B0516915230EA93600E812A1 /* Description.swift in Sources */ = {isa = PBXBuildFile; fileRef = B0516884230EA93500E812A1 /* Description.swift */; };
		B0516916230EA93600E812A1 /* IMarker.swift in Sources */ = {isa = PBXBuildFile; fileRef = B0516885230EA93500E812A1 /* IMarker.swift */; };
		B0516917230EA93600E812A1 /* MarkerImage.swift in Sources */ = {isa = PBXBuildFile; fileRef = B0516886230EA93500E812A1 /* MarkerImage.swift */; };
		B0516918230EA93600E812A1 /* Legend.swift in Sources */ = {isa = PBXBuildFile; fileRef = B0516887230EA93500E812A1 /* Legend.swift */; };
		B0516919230EA93600E812A1 /* LegendEntry.swift in Sources */ = {isa = PBXBuildFile; fileRef = B0516888230EA93500E812A1 /* LegendEntry.swift */; };
		B051691A230EA93600E812A1 /* YAxis.swift in Sources */ = {isa = PBXBuildFile; fileRef = B0516889230EA93500E812A1 /* YAxis.swift */; };
		B051691B230EA93600E812A1 /* AxisBase.swift in Sources */ = {isa = PBXBuildFile; fileRef = B051688A230EA93500E812A1 /* AxisBase.swift */; };
		B051691C230EA93600E812A1 /* XAxis.swift in Sources */ = {isa = PBXBuildFile; fileRef = B051688B230EA93500E812A1 /* XAxis.swift */; };
		B051691D230EA93600E812A1 /* ChartLimitLine.swift in Sources */ = {isa = PBXBuildFile; fileRef = B051688C230EA93500E812A1 /* ChartLimitLine.swift */; };
		B051691E230EA93600E812A1 /* MarkerView.swift in Sources */ = {isa = PBXBuildFile; fileRef = B051688D230EA93500E812A1 /* MarkerView.swift */; };
		B051691F230EA93600E812A1 /* ComponentBase.swift in Sources */ = {isa = PBXBuildFile; fileRef = B051688E230EA93500E812A1 /* ComponentBase.swift */; };
		B0516920230EA93600E812A1 /* AnimatedZoomViewJob.swift in Sources */ = {isa = PBXBuildFile; fileRef = B0516890230EA93500E812A1 /* AnimatedZoomViewJob.swift */; };
		B0516921230EA93600E812A1 /* ViewPortJob.swift in Sources */ = {isa = PBXBuildFile; fileRef = B0516891230EA93500E812A1 /* ViewPortJob.swift */; };
		B0516922230EA93600E812A1 /* MoveViewJob.swift in Sources */ = {isa = PBXBuildFile; fileRef = B0516892230EA93500E812A1 /* MoveViewJob.swift */; };
		B0516923230EA93600E812A1 /* ZoomViewJob.swift in Sources */ = {isa = PBXBuildFile; fileRef = B0516893230EA93500E812A1 /* ZoomViewJob.swift */; };
		B0516924230EA93600E812A1 /* AnimatedViewPortJob.swift in Sources */ = {isa = PBXBuildFile; fileRef = B0516894230EA93500E812A1 /* AnimatedViewPortJob.swift */; };
		B0516925230EA93600E812A1 /* AnimatedMoveViewJob.swift in Sources */ = {isa = PBXBuildFile; fileRef = B0516895230EA93500E812A1 /* AnimatedMoveViewJob.swift */; };
		B0516926230EA93600E812A1 /* ChartData.swift in Sources */ = {isa = PBXBuildFile; fileRef = B0516899230EA93500E812A1 /* ChartData.swift */; };
		B0516927230EA93600E812A1 /* BarChartDataEntry.swift in Sources */ = {isa = PBXBuildFile; fileRef = B051689A230EA93500E812A1 /* BarChartDataEntry.swift */; };
		B0516928230EA93600E812A1 /* BarChartDataSet.swift in Sources */ = {isa = PBXBuildFile; fileRef = B051689B230EA93500E812A1 /* BarChartDataSet.swift */; };
		B0516929230EA93600E812A1 /* RadarChartDataEntry.swift in Sources */ = {isa = PBXBuildFile; fileRef = B051689C230EA93500E812A1 /* RadarChartDataEntry.swift */; };
		B051692A230EA93600E812A1 /* BarLineScatterCandleBubbleChartDataSet.swift in Sources */ = {isa = PBXBuildFile; fileRef = B051689D230EA93500E812A1 /* BarLineScatterCandleBubbleChartDataSet.swift */; };
		B051692B230EA93600E812A1 /* PieChartDataEntry.swift in Sources */ = {isa = PBXBuildFile; fileRef = B051689E230EA93500E812A1 /* PieChartDataEntry.swift */; };
		B051692C230EA93600E812A1 /* CandleChartDataEntry.swift in Sources */ = {isa = PBXBuildFile; fileRef = B051689F230EA93500E812A1 /* CandleChartDataEntry.swift */; };
		B051692D230EA93600E812A1 /* CombinedChartData.swift in Sources */ = {isa = PBXBuildFile; fileRef = B05168A0230EA93500E812A1 /* CombinedChartData.swift */; };
		B051692E230EA93600E812A1 /* LineChartData.swift in Sources */ = {isa = PBXBuildFile; fileRef = B05168A1230EA93500E812A1 /* LineChartData.swift */; };
		B051692F230EA93600E812A1 /* RadarChartData.swift in Sources */ = {isa = PBXBuildFile; fileRef = B05168A2230EA93500E812A1 /* RadarChartData.swift */; };
		B0516930230EA93600E812A1 /* CandleChartDataSet.swift in Sources */ = {isa = PBXBuildFile; fileRef = B05168A3230EA93500E812A1 /* CandleChartDataSet.swift */; };
		B0516931230EA93600E812A1 /* LineRadarChartDataSet.swift in Sources */ = {isa = PBXBuildFile; fileRef = B05168A4230EA93500E812A1 /* LineRadarChartDataSet.swift */; };
		B0516932230EA93600E812A1 /* BarLineScatterCandleBubbleChartData.swift in Sources */ = {isa = PBXBuildFile; fileRef = B05168A5230EA93500E812A1 /* BarLineScatterCandleBubbleChartData.swift */; };
		B0516933230EA93600E812A1 /* BubbleChartDataEntry.swift in Sources */ = {isa = PBXBuildFile; fileRef = B05168A6230EA93500E812A1 /* BubbleChartDataEntry.swift */; };
		B0516934230EA93600E812A1 /* ChartDataEntryBase.swift in Sources */ = {isa = PBXBuildFile; fileRef = B05168A7230EA93500E812A1 /* ChartDataEntryBase.swift */; };
		B0516935230EA93600E812A1 /* ChartDataEntry.swift in Sources */ = {isa = PBXBuildFile; fileRef = B05168A8230EA93500E812A1 /* ChartDataEntry.swift */; };
		B0516936230EA93600E812A1 /* PieChartDataSet.swift in Sources */ = {isa = PBXBuildFile; fileRef = B05168A9230EA93500E812A1 /* PieChartDataSet.swift */; };
		B0516937230EA93600E812A1 /* BubbleChartData.swift in Sources */ = {isa = PBXBuildFile; fileRef = B05168AA230EA93500E812A1 /* BubbleChartData.swift */; };
		B0516938230EA93600E812A1 /* ChartDataSet.swift in Sources */ = {isa = PBXBuildFile; fileRef = B05168AB230EA93500E812A1 /* ChartDataSet.swift */; };
		B0516939230EA93600E812A1 /* ScatterChartDataSet.swift in Sources */ = {isa = PBXBuildFile; fileRef = B05168AC230EA93500E812A1 /* ScatterChartDataSet.swift */; };
		B051693A230EA93600E812A1 /* ScatterChartData.swift in Sources */ = {isa = PBXBuildFile; fileRef = B05168AD230EA93500E812A1 /* ScatterChartData.swift */; };
		B051693B230EA93600E812A1 /* PieChartData.swift in Sources */ = {isa = PBXBuildFile; fileRef = B05168AE230EA93500E812A1 /* PieChartData.swift */; };
		B051693C230EA93600E812A1 /* CandleChartData.swift in Sources */ = {isa = PBXBuildFile; fileRef = B05168AF230EA93500E812A1 /* CandleChartData.swift */; };
		B051693D230EA93600E812A1 /* LineChartDataSet.swift in Sources */ = {isa = PBXBuildFile; fileRef = B05168B0230EA93500E812A1 /* LineChartDataSet.swift */; };
		B051693E230EA93600E812A1 /* BubbleChartDataSet.swift in Sources */ = {isa = PBXBuildFile; fileRef = B05168B1230EA93500E812A1 /* BubbleChartDataSet.swift */; };
		B051693F230EA93600E812A1 /* RadarChartDataSet.swift in Sources */ = {isa = PBXBuildFile; fileRef = B05168B2230EA93500E812A1 /* RadarChartDataSet.swift */; };
		B0516940230EA93600E812A1 /* BarChartData.swift in Sources */ = {isa = PBXBuildFile; fileRef = B05168B3230EA93500E812A1 /* BarChartData.swift */; };
		B0516941230EA93600E812A1 /* LineScatterCandleRadarChartDataSet.swift in Sources */ = {isa = PBXBuildFile; fileRef = B05168B4230EA93500E812A1 /* LineScatterCandleRadarChartDataSet.swift */; };
		B0516942230EA93600E812A1 /* ChartBaseDataSet.swift in Sources */ = {isa = PBXBuildFile; fileRef = B05168B5230EA93500E812A1 /* ChartBaseDataSet.swift */; };
		B0516943230EA93600E812A1 /* IPieChartDataSet.swift in Sources */ = {isa = PBXBuildFile; fileRef = B05168B7230EA93500E812A1 /* IPieChartDataSet.swift */; };
		B0516944230EA93600E812A1 /* IScatterChartDataSet.swift in Sources */ = {isa = PBXBuildFile; fileRef = B05168B8230EA93500E812A1 /* IScatterChartDataSet.swift */; };
		B0516945230EA93600E812A1 /* ILineChartDataSet.swift in Sources */ = {isa = PBXBuildFile; fileRef = B05168B9230EA93500E812A1 /* ILineChartDataSet.swift */; };
		B0516946230EA93600E812A1 /* IRadarChartDataSet.swift in Sources */ = {isa = PBXBuildFile; fileRef = B05168BA230EA93500E812A1 /* IRadarChartDataSet.swift */; };
		B0516947230EA93600E812A1 /* IBarChartDataSet.swift in Sources */ = {isa = PBXBuildFile; fileRef = B05168BB230EA93500E812A1 /* IBarChartDataSet.swift */; };
		B0516948230EA93600E812A1 /* ILineRadarChartDataSet.swift in Sources */ = {isa = PBXBuildFile; fileRef = B05168BC230EA93500E812A1 /* ILineRadarChartDataSet.swift */; };
		B0516949230EA93600E812A1 /* IChartDataSet.swift in Sources */ = {isa = PBXBuildFile; fileRef = B05168BD230EA93500E812A1 /* IChartDataSet.swift */; };
		B051694A230EA93600E812A1 /* ICandleChartDataSet.swift in Sources */ = {isa = PBXBuildFile; fileRef = B05168BE230EA93500E812A1 /* ICandleChartDataSet.swift */; };
		B051694B230EA93600E812A1 /* ILineScatterCandleRadarChartDataSet.swift in Sources */ = {isa = PBXBuildFile; fileRef = B05168BF230EA93600E812A1 /* ILineScatterCandleRadarChartDataSet.swift */; };
		B051694C230EA93600E812A1 /* IBubbleChartDataSet.swift in Sources */ = {isa = PBXBuildFile; fileRef = B05168C0230EA93600E812A1 /* IBubbleChartDataSet.swift */; };
		B051694D230EA93600E812A1 /* IBarLineScatterCandleBubbleChartDataSet.swift in Sources */ = {isa = PBXBuildFile; fileRef = B05168C1230EA93600E812A1 /* IBarLineScatterCandleBubbleChartDataSet.swift */; };
		B051694E230EA93600E812A1 /* BarChartDataProvider.swift in Sources */ = {isa = PBXBuildFile; fileRef = B05168C3230EA93600E812A1 /* BarChartDataProvider.swift */; };
		B051694F230EA93600E812A1 /* ChartDataProvider.swift in Sources */ = {isa = PBXBuildFile; fileRef = B05168C4230EA93600E812A1 /* ChartDataProvider.swift */; };
		B0516950230EA93600E812A1 /* CandleChartDataProvider.swift in Sources */ = {isa = PBXBuildFile; fileRef = B05168C5230EA93600E812A1 /* CandleChartDataProvider.swift */; };
		B0516951230EA93600E812A1 /* CombinedChartDataProvider.swift in Sources */ = {isa = PBXBuildFile; fileRef = B05168C6230EA93600E812A1 /* CombinedChartDataProvider.swift */; };
		B0516952230EA93600E812A1 /* LineChartDataProvider.swift in Sources */ = {isa = PBXBuildFile; fileRef = B05168C7230EA93600E812A1 /* LineChartDataProvider.swift */; };
		B0516953230EA93600E812A1 /* BarLineScatterCandleBubbleChartDataProvider.swift in Sources */ = {isa = PBXBuildFile; fileRef = B05168C8230EA93600E812A1 /* BarLineScatterCandleBubbleChartDataProvider.swift */; };
		B0516954230EA93600E812A1 /* ScatterChartDataProvider.swift in Sources */ = {isa = PBXBuildFile; fileRef = B05168C9230EA93600E812A1 /* ScatterChartDataProvider.swift */; };
		B0516955230EA93600E812A1 /* BubbleChartDataProvider.swift in Sources */ = {isa = PBXBuildFile; fileRef = B05168CA230EA93600E812A1 /* BubbleChartDataProvider.swift */; };
		E5137F80B1C1537A0A85236B /* Pods_ChartsExtension_Tests.framework in Frameworks */ = {isa = PBXBuildFile; fileRef = 5E0730AD0A2BE011E1EDBB9F /* Pods_ChartsExtension_Tests.framework */; };
/* End PBXBuildFile section */

/* Begin PBXContainerItemProxy section */
		607FACE61AFB9204008FA782 /* PBXContainerItemProxy */ = {
			isa = PBXContainerItemProxy;
			containerPortal = 607FACC81AFB9204008FA782 /* Project object */;
			proxyType = 1;
			remoteGlobalIDString = 607FACCF1AFB9204008FA782;
			remoteInfo = ChartsExtension;
		};
/* End PBXContainerItemProxy section */

/* Begin PBXFileReference section */
		03BCB1ECEC87904F992EDDFD /* README.md */ = {isa = PBXFileReference; includeInIndex = 1; lastKnownFileType = net.daringfireball.markdown; name = README.md; path = ../README.md; sourceTree = "<group>"; };
		080833D0415137DB541CF51B /* LICENSE */ = {isa = PBXFileReference; includeInIndex = 1; lastKnownFileType = text; name = LICENSE; path = ../LICENSE; sourceTree = "<group>"; };
		5E0730AD0A2BE011E1EDBB9F /* Pods_ChartsExtension_Tests.framework */ = {isa = PBXFileReference; explicitFileType = wrapper.framework; includeInIndex = 0; path = Pods_ChartsExtension_Tests.framework; sourceTree = BUILT_PRODUCTS_DIR; };
		607FACD01AFB9204008FA782 /* ChartsExtension_Example.app */ = {isa = PBXFileReference; explicitFileType = wrapper.application; includeInIndex = 0; path = ChartsExtension_Example.app; sourceTree = BUILT_PRODUCTS_DIR; };
		607FACD41AFB9204008FA782 /* Info.plist */ = {isa = PBXFileReference; lastKnownFileType = text.plist.xml; path = Info.plist; sourceTree = "<group>"; };
		607FACD51AFB9204008FA782 /* AppDelegate.swift */ = {isa = PBXFileReference; lastKnownFileType = sourcecode.swift; path = AppDelegate.swift; sourceTree = "<group>"; };
		607FACD71AFB9204008FA782 /* ViewController.swift */ = {isa = PBXFileReference; lastKnownFileType = sourcecode.swift; path = ViewController.swift; sourceTree = "<group>"; };
		607FACDA1AFB9204008FA782 /* Base */ = {isa = PBXFileReference; lastKnownFileType = file.storyboard; name = Base; path = Base.lproj/Main.storyboard; sourceTree = "<group>"; };
		607FACDC1AFB9204008FA782 /* Images.xcassets */ = {isa = PBXFileReference; lastKnownFileType = folder.assetcatalog; path = Images.xcassets; sourceTree = "<group>"; };
		607FACDF1AFB9204008FA782 /* Base */ = {isa = PBXFileReference; lastKnownFileType = file.xib; name = Base; path = Base.lproj/LaunchScreen.xib; sourceTree = "<group>"; };
		607FACE51AFB9204008FA782 /* ChartsExtension_Tests.xctest */ = {isa = PBXFileReference; explicitFileType = wrapper.cfbundle; includeInIndex = 0; path = ChartsExtension_Tests.xctest; sourceTree = BUILT_PRODUCTS_DIR; };
		607FACEA1AFB9204008FA782 /* Info.plist */ = {isa = PBXFileReference; lastKnownFileType = text.plist.xml; path = Info.plist; sourceTree = "<group>"; };
		607FACEB1AFB9204008FA782 /* Tests.swift */ = {isa = PBXFileReference; lastKnownFileType = sourcecode.swift; path = Tests.swift; sourceTree = "<group>"; };
		8CD2E272248DF5791929A731 /* Pods_ChartsExtension_Example.framework */ = {isa = PBXFileReference; explicitFileType = wrapper.framework; includeInIndex = 0; path = Pods_ChartsExtension_Example.framework; sourceTree = BUILT_PRODUCTS_DIR; };
		92487FA90E796DFED19C8532 /* ChartsExtension.podspec */ = {isa = PBXFileReference; includeInIndex = 1; lastKnownFileType = text; name = ChartsExtension.podspec; path = ../ChartsExtension.podspec; sourceTree = "<group>"; };
		A11261A22A3A50566CB8861F /* Pods-ChartsExtension_Example.release.xcconfig */ = {isa = PBXFileReference; includeInIndex = 1; lastKnownFileType = text.xcconfig; name = "Pods-ChartsExtension_Example.release.xcconfig"; path = "Pods/Target Support Files/Pods-ChartsExtension_Example/Pods-ChartsExtension_Example.release.xcconfig"; sourceTree = "<group>"; };
		AF2F649FE19F45F4DC381888 /* Pods-ChartsExtension_Example.debug.xcconfig */ = {isa = PBXFileReference; includeInIndex = 1; lastKnownFileType = text.xcconfig; name = "Pods-ChartsExtension_Example.debug.xcconfig"; path = "Pods/Target Support Files/Pods-ChartsExtension_Example/Pods-ChartsExtension_Example.debug.xcconfig"; sourceTree = "<group>"; };
		B0516835230EA93500E812A1 /* DataApproximator.swift */ = {isa = PBXFileReference; fileEncoding = 4; lastKnownFileType = sourcecode.swift; path = DataApproximator.swift; sourceTree = "<group>"; };
		B0516836230EA93500E812A1 /* DataApproximator+N.swift */ = {isa = PBXFileReference; fileEncoding = 4; lastKnownFileType = sourcecode.swift; path = "DataApproximator+N.swift"; sourceTree = "<group>"; };
		B0516838230EA93500E812A1 /* RadarChartRenderer.swift */ = {isa = PBXFileReference; fileEncoding = 4; lastKnownFileType = sourcecode.swift; path = RadarChartRenderer.swift; sourceTree = "<group>"; };
		B0516839230EA93500E812A1 /* LegendRenderer.swift */ = {isa = PBXFileReference; fileEncoding = 4; lastKnownFileType = sourcecode.swift; path = LegendRenderer.swift; sourceTree = "<group>"; };
		B051683A230EA93500E812A1 /* YAxisRendererHorizontalBarChart.swift */ = {isa = PBXFileReference; fileEncoding = 4; lastKnownFileType = sourcecode.swift; path = YAxisRendererHorizontalBarChart.swift; sourceTree = "<group>"; };
		B051683B230EA93500E812A1 /* BubbleChartRenderer.swift */ = {isa = PBXFileReference; fileEncoding = 4; lastKnownFileType = sourcecode.swift; path = BubbleChartRenderer.swift; sourceTree = "<group>"; };
		B051683C230EA93500E812A1 /* LineChartRenderer.swift */ = {isa = PBXFileReference; fileEncoding = 4; lastKnownFileType = sourcecode.swift; path = LineChartRenderer.swift; sourceTree = "<group>"; };
		B051683D230EA93500E812A1 /* AxisRendererBase.swift */ = {isa = PBXFileReference; fileEncoding = 4; lastKnownFileType = sourcecode.swift; path = AxisRendererBase.swift; sourceTree = "<group>"; };
		B051683E230EA93500E812A1 /* ChartDataRendererBase.swift */ = {isa = PBXFileReference; fileEncoding = 4; lastKnownFileType = sourcecode.swift; path = ChartDataRendererBase.swift; sourceTree = "<group>"; };
		B051683F230EA93500E812A1 /* YAxisRenderer.swift */ = {isa = PBXFileReference; fileEncoding = 4; lastKnownFileType = sourcecode.swift; path = YAxisRenderer.swift; sourceTree = "<group>"; };
		B0516840230EA93500E812A1 /* ScatterChartRenderer.swift */ = {isa = PBXFileReference; fileEncoding = 4; lastKnownFileType = sourcecode.swift; path = ScatterChartRenderer.swift; sourceTree = "<group>"; };
		B0516841230EA93500E812A1 /* CombinedChartRenderer.swift */ = {isa = PBXFileReference; fileEncoding = 4; lastKnownFileType = sourcecode.swift; path = CombinedChartRenderer.swift; sourceTree = "<group>"; };
		B0516842230EA93500E812A1 /* CandleStickChartRenderer.swift */ = {isa = PBXFileReference; fileEncoding = 4; lastKnownFileType = sourcecode.swift; path = CandleStickChartRenderer.swift; sourceTree = "<group>"; };
		B0516843230EA93500E812A1 /* BarChartRenderer.swift */ = {isa = PBXFileReference; fileEncoding = 4; lastKnownFileType = sourcecode.swift; path = BarChartRenderer.swift; sourceTree = "<group>"; };
		B0516844230EA93500E812A1 /* XAxisRenderer.swift */ = {isa = PBXFileReference; fileEncoding = 4; lastKnownFileType = sourcecode.swift; path = XAxisRenderer.swift; sourceTree = "<group>"; };
		B0516845230EA93500E812A1 /* LineRadarRenderer.swift */ = {isa = PBXFileReference; fileEncoding = 4; lastKnownFileType = sourcecode.swift; path = LineRadarRenderer.swift; sourceTree = "<group>"; };
		B0516846230EA93500E812A1 /* BarLineScatterCandleBubbleRenderer.swift */ = {isa = PBXFileReference; fileEncoding = 4; lastKnownFileType = sourcecode.swift; path = BarLineScatterCandleBubbleRenderer.swift; sourceTree = "<group>"; };
		B0516848230EA93500E812A1 /* XShapeRenderer.swift */ = {isa = PBXFileReference; fileEncoding = 4; lastKnownFileType = sourcecode.swift; path = XShapeRenderer.swift; sourceTree = "<group>"; };
		B0516849230EA93500E812A1 /* SquareShapeRenderer.swift */ = {isa = PBXFileReference; fileEncoding = 4; lastKnownFileType = sourcecode.swift; path = SquareShapeRenderer.swift; sourceTree = "<group>"; };
		B051684A230EA93500E812A1 /* ChevronDownShapeRenderer.swift */ = {isa = PBXFileReference; fileEncoding = 4; lastKnownFileType = sourcecode.swift; path = ChevronDownShapeRenderer.swift; sourceTree = "<group>"; };
		B051684B230EA93500E812A1 /* IShapeRenderer.swift */ = {isa = PBXFileReference; fileEncoding = 4; lastKnownFileType = sourcecode.swift; path = IShapeRenderer.swift; sourceTree = "<group>"; };
		B051684C230EA93500E812A1 /* CircleShapeRenderer.swift */ = {isa = PBXFileReference; fileEncoding = 4; lastKnownFileType = sourcecode.swift; path = CircleShapeRenderer.swift; sourceTree = "<group>"; };
		B051684D230EA93500E812A1 /* CrossShapeRenderer.swift */ = {isa = PBXFileReference; fileEncoding = 4; lastKnownFileType = sourcecode.swift; path = CrossShapeRenderer.swift; sourceTree = "<group>"; };
		B051684E230EA93500E812A1 /* TriangleShapeRenderer.swift */ = {isa = PBXFileReference; fileEncoding = 4; lastKnownFileType = sourcecode.swift; path = TriangleShapeRenderer.swift; sourceTree = "<group>"; };
		B051684F230EA93500E812A1 /* ChevronUpShapeRenderer.swift */ = {isa = PBXFileReference; fileEncoding = 4; lastKnownFileType = sourcecode.swift; path = ChevronUpShapeRenderer.swift; sourceTree = "<group>"; };
		B0516850230EA93500E812A1 /* XAxisRendererHorizontalBarChart.swift */ = {isa = PBXFileReference; fileEncoding = 4; lastKnownFileType = sourcecode.swift; path = XAxisRendererHorizontalBarChart.swift; sourceTree = "<group>"; };
		B0516851230EA93500E812A1 /* HorizontalBarChartRenderer.swift */ = {isa = PBXFileReference; fileEncoding = 4; lastKnownFileType = sourcecode.swift; path = HorizontalBarChartRenderer.swift; sourceTree = "<group>"; };
		B0516852230EA93500E812A1 /* XAxisRendererRadarChart.swift */ = {isa = PBXFileReference; fileEncoding = 4; lastKnownFileType = sourcecode.swift; path = XAxisRendererRadarChart.swift; sourceTree = "<group>"; };
		B0516853230EA93500E812A1 /* YAxisRendererRadarChart.swift */ = {isa = PBXFileReference; fileEncoding = 4; lastKnownFileType = sourcecode.swift; path = YAxisRendererRadarChart.swift; sourceTree = "<group>"; };
		B0516854230EA93500E812A1 /* PieChartRenderer.swift */ = {isa = PBXFileReference; fileEncoding = 4; lastKnownFileType = sourcecode.swift; path = PieChartRenderer.swift; sourceTree = "<group>"; };
		B0516855230EA93500E812A1 /* Renderer.swift */ = {isa = PBXFileReference; fileEncoding = 4; lastKnownFileType = sourcecode.swift; path = Renderer.swift; sourceTree = "<group>"; };
		B0516856230EA93500E812A1 /* LineScatterCandleRadarRenderer.swift */ = {isa = PBXFileReference; fileEncoding = 4; lastKnownFileType = sourcecode.swift; path = LineScatterCandleRadarRenderer.swift; sourceTree = "<group>"; };
		B0516858230EA93500E812A1 /* BarHighlighter.swift */ = {isa = PBXFileReference; fileEncoding = 4; lastKnownFileType = sourcecode.swift; path = BarHighlighter.swift; sourceTree = "<group>"; };
		B0516859230EA93500E812A1 /* RadarHighlighter.swift */ = {isa = PBXFileReference; fileEncoding = 4; lastKnownFileType = sourcecode.swift; path = RadarHighlighter.swift; sourceTree = "<group>"; };
		B051685A230EA93500E812A1 /* Highlight.swift */ = {isa = PBXFileReference; fileEncoding = 4; lastKnownFileType = sourcecode.swift; path = Highlight.swift; sourceTree = "<group>"; };
		B051685B230EA93500E812A1 /* PieHighlighter.swift */ = {isa = PBXFileReference; fileEncoding = 4; lastKnownFileType = sourcecode.swift; path = PieHighlighter.swift; sourceTree = "<group>"; };
		B051685C230EA93500E812A1 /* HorizontalBarHighlighter.swift */ = {isa = PBXFileReference; fileEncoding = 4; lastKnownFileType = sourcecode.swift; path = HorizontalBarHighlighter.swift; sourceTree = "<group>"; };
		B051685D230EA93500E812A1 /* PieRadarHighlighter.swift */ = {isa = PBXFileReference; fileEncoding = 4; lastKnownFileType = sourcecode.swift; path = PieRadarHighlighter.swift; sourceTree = "<group>"; };
		B051685E230EA93500E812A1 /* Range.swift */ = {isa = PBXFileReference; fileEncoding = 4; lastKnownFileType = sourcecode.swift; path = Range.swift; sourceTree = "<group>"; };
		B051685F230EA93500E812A1 /* ChartHighlighter.swift */ = {isa = PBXFileReference; fileEncoding = 4; lastKnownFileType = sourcecode.swift; path = ChartHighlighter.swift; sourceTree = "<group>"; };
		B0516860230EA93500E812A1 /* IHighlighter.swift */ = {isa = PBXFileReference; fileEncoding = 4; lastKnownFileType = sourcecode.swift; path = IHighlighter.swift; sourceTree = "<group>"; };
		B0516861230EA93500E812A1 /* CombinedHighlighter.swift */ = {isa = PBXFileReference; fileEncoding = 4; lastKnownFileType = sourcecode.swift; path = CombinedHighlighter.swift; sourceTree = "<group>"; };
		B0516863230EA93500E812A1 /* CandleStickChartView.swift */ = {isa = PBXFileReference; fileEncoding = 4; lastKnownFileType = sourcecode.swift; path = CandleStickChartView.swift; sourceTree = "<group>"; };
		B0516864230EA93500E812A1 /* RadarChartView.swift */ = {isa = PBXFileReference; fileEncoding = 4; lastKnownFileType = sourcecode.swift; path = RadarChartView.swift; sourceTree = "<group>"; };
		B0516865230EA93500E812A1 /* BarLineChartViewBase.swift */ = {isa = PBXFileReference; fileEncoding = 4; lastKnownFileType = sourcecode.swift; path = BarLineChartViewBase.swift; sourceTree = "<group>"; };
		B0516866230EA93500E812A1 /* LineChartView.swift */ = {isa = PBXFileReference; fileEncoding = 4; lastKnownFileType = sourcecode.swift; path = LineChartView.swift; sourceTree = "<group>"; };
		B0516867230EA93500E812A1 /* CombinedChartView.swift */ = {isa = PBXFileReference; fileEncoding = 4; lastKnownFileType = sourcecode.swift; path = CombinedChartView.swift; sourceTree = "<group>"; };
		B0516868230EA93500E812A1 /* HorizontalBarChartView.swift */ = {isa = PBXFileReference; fileEncoding = 4; lastKnownFileType = sourcecode.swift; path = HorizontalBarChartView.swift; sourceTree = "<group>"; };
		B0516869230EA93500E812A1 /* ChartViewBase.swift */ = {isa = PBXFileReference; fileEncoding = 4; lastKnownFileType = sourcecode.swift; path = ChartViewBase.swift; sourceTree = "<group>"; };
		B051686A230EA93500E812A1 /* BubbleChartView.swift */ = {isa = PBXFileReference; fileEncoding = 4; lastKnownFileType = sourcecode.swift; path = BubbleChartView.swift; sourceTree = "<group>"; };
		B051686B230EA93500E812A1 /* PieRadarChartViewBase.swift */ = {isa = PBXFileReference; fileEncoding = 4; lastKnownFileType = sourcecode.swift; path = PieRadarChartViewBase.swift; sourceTree = "<group>"; };
		B051686C230EA93500E812A1 /* BarChartView.swift */ = {isa = PBXFileReference; fileEncoding = 4; lastKnownFileType = sourcecode.swift; path = BarChartView.swift; sourceTree = "<group>"; };
		B051686D230EA93500E812A1 /* ScatterChartView.swift */ = {isa = PBXFileReference; fileEncoding = 4; lastKnownFileType = sourcecode.swift; path = ScatterChartView.swift; sourceTree = "<group>"; };
		B051686E230EA93500E812A1 /* PieChartView.swift */ = {isa = PBXFileReference; fileEncoding = 4; lastKnownFileType = sourcecode.swift; path = PieChartView.swift; sourceTree = "<group>"; };
		B0516870230EA93500E812A1 /* ChartAnimationEasing.swift */ = {isa = PBXFileReference; fileEncoding = 4; lastKnownFileType = sourcecode.swift; path = ChartAnimationEasing.swift; sourceTree = "<group>"; };
		B0516871230EA93500E812A1 /* Animator.swift */ = {isa = PBXFileReference; fileEncoding = 4; lastKnownFileType = sourcecode.swift; path = Animator.swift; sourceTree = "<group>"; };
		B0516873230EA93500E812A1 /* IAxisValueFormatter.swift */ = {isa = PBXFileReference; fileEncoding = 4; lastKnownFileType = sourcecode.swift; path = IAxisValueFormatter.swift; sourceTree = "<group>"; };
		B0516874230EA93500E812A1 /* DefaultFillFormatter.swift */ = {isa = PBXFileReference; fileEncoding = 4; lastKnownFileType = sourcecode.swift; path = DefaultFillFormatter.swift; sourceTree = "<group>"; };
		B0516875230EA93500E812A1 /* DefaultValueFormatter.swift */ = {isa = PBXFileReference; fileEncoding = 4; lastKnownFileType = sourcecode.swift; path = DefaultValueFormatter.swift; sourceTree = "<group>"; };
		B0516876230EA93500E812A1 /* DefaultAxisValueFormatter.swift */ = {isa = PBXFileReference; fileEncoding = 4; lastKnownFileType = sourcecode.swift; path = DefaultAxisValueFormatter.swift; sourceTree = "<group>"; };
		B0516877230EA93500E812A1 /* IndexAxisValueFormatter.swift */ = {isa = PBXFileReference; fileEncoding = 4; lastKnownFileType = sourcecode.swift; path = IndexAxisValueFormatter.swift; sourceTree = "<group>"; };
		B0516878230EA93500E812A1 /* IFillFormatter.swift */ = {isa = PBXFileReference; fileEncoding = 4; lastKnownFileType = sourcecode.swift; path = IFillFormatter.swift; sourceTree = "<group>"; };
		B0516879230EA93500E812A1 /* IValueFormatter.swift */ = {isa = PBXFileReference; fileEncoding = 4; lastKnownFileType = sourcecode.swift; path = IValueFormatter.swift; sourceTree = "<group>"; };
		B051687B230EA93500E812A1 /* Fill.swift */ = {isa = PBXFileReference; fileEncoding = 4; lastKnownFileType = sourcecode.swift; path = Fill.swift; sourceTree = "<group>"; };
		B051687C230EA93500E812A1 /* Transformer.swift */ = {isa = PBXFileReference; fileEncoding = 4; lastKnownFileType = sourcecode.swift; path = Transformer.swift; sourceTree = "<group>"; };
		B051687D230EA93500E812A1 /* ViewPortHandler.swift */ = {isa = PBXFileReference; fileEncoding = 4; lastKnownFileType = sourcecode.swift; path = ViewPortHandler.swift; sourceTree = "<group>"; };
		B051687E230EA93500E812A1 /* Platform+Accessibility.swift */ = {isa = PBXFileReference; fileEncoding = 4; lastKnownFileType = sourcecode.swift; path = "Platform+Accessibility.swift"; sourceTree = "<group>"; };
		B051687F230EA93500E812A1 /* Platform.swift */ = {isa = PBXFileReference; fileEncoding = 4; lastKnownFileType = sourcecode.swift; path = Platform.swift; sourceTree = "<group>"; };
		B0516880230EA93500E812A1 /* ChartColorTemplates.swift */ = {isa = PBXFileReference; fileEncoding = 4; lastKnownFileType = sourcecode.swift; path = ChartColorTemplates.swift; sourceTree = "<group>"; };
		B0516881230EA93500E812A1 /* TransformerHorizontalBarChart.swift */ = {isa = PBXFileReference; fileEncoding = 4; lastKnownFileType = sourcecode.swift; path = TransformerHorizontalBarChart.swift; sourceTree = "<group>"; };
		B0516882230EA93500E812A1 /* ChartUtils.swift */ = {isa = PBXFileReference; fileEncoding = 4; lastKnownFileType = sourcecode.swift; path = ChartUtils.swift; sourceTree = "<group>"; };
		B0516884230EA93500E812A1 /* Description.swift */ = {isa = PBXFileReference; fileEncoding = 4; lastKnownFileType = sourcecode.swift; path = Description.swift; sourceTree = "<group>"; };
		B0516885230EA93500E812A1 /* IMarker.swift */ = {isa = PBXFileReference; fileEncoding = 4; lastKnownFileType = sourcecode.swift; path = IMarker.swift; sourceTree = "<group>"; };
		B0516886230EA93500E812A1 /* MarkerImage.swift */ = {isa = PBXFileReference; fileEncoding = 4; lastKnownFileType = sourcecode.swift; path = MarkerImage.swift; sourceTree = "<group>"; };
		B0516887230EA93500E812A1 /* Legend.swift */ = {isa = PBXFileReference; fileEncoding = 4; lastKnownFileType = sourcecode.swift; path = Legend.swift; sourceTree = "<group>"; };
		B0516888230EA93500E812A1 /* LegendEntry.swift */ = {isa = PBXFileReference; fileEncoding = 4; lastKnownFileType = sourcecode.swift; path = LegendEntry.swift; sourceTree = "<group>"; };
		B0516889230EA93500E812A1 /* YAxis.swift */ = {isa = PBXFileReference; fileEncoding = 4; lastKnownFileType = sourcecode.swift; path = YAxis.swift; sourceTree = "<group>"; };
		B051688A230EA93500E812A1 /* AxisBase.swift */ = {isa = PBXFileReference; fileEncoding = 4; lastKnownFileType = sourcecode.swift; path = AxisBase.swift; sourceTree = "<group>"; };
		B051688B230EA93500E812A1 /* XAxis.swift */ = {isa = PBXFileReference; fileEncoding = 4; lastKnownFileType = sourcecode.swift; path = XAxis.swift; sourceTree = "<group>"; };
		B051688C230EA93500E812A1 /* ChartLimitLine.swift */ = {isa = PBXFileReference; fileEncoding = 4; lastKnownFileType = sourcecode.swift; path = ChartLimitLine.swift; sourceTree = "<group>"; };
		B051688D230EA93500E812A1 /* MarkerView.swift */ = {isa = PBXFileReference; fileEncoding = 4; lastKnownFileType = sourcecode.swift; path = MarkerView.swift; sourceTree = "<group>"; };
		B051688E230EA93500E812A1 /* ComponentBase.swift */ = {isa = PBXFileReference; fileEncoding = 4; lastKnownFileType = sourcecode.swift; path = ComponentBase.swift; sourceTree = "<group>"; };
		B0516890230EA93500E812A1 /* AnimatedZoomViewJob.swift */ = {isa = PBXFileReference; fileEncoding = 4; lastKnownFileType = sourcecode.swift; path = AnimatedZoomViewJob.swift; sourceTree = "<group>"; };
		B0516891230EA93500E812A1 /* ViewPortJob.swift */ = {isa = PBXFileReference; fileEncoding = 4; lastKnownFileType = sourcecode.swift; path = ViewPortJob.swift; sourceTree = "<group>"; };
		B0516892230EA93500E812A1 /* MoveViewJob.swift */ = {isa = PBXFileReference; fileEncoding = 4; lastKnownFileType = sourcecode.swift; path = MoveViewJob.swift; sourceTree = "<group>"; };
		B0516893230EA93500E812A1 /* ZoomViewJob.swift */ = {isa = PBXFileReference; fileEncoding = 4; lastKnownFileType = sourcecode.swift; path = ZoomViewJob.swift; sourceTree = "<group>"; };
		B0516894230EA93500E812A1 /* AnimatedViewPortJob.swift */ = {isa = PBXFileReference; fileEncoding = 4; lastKnownFileType = sourcecode.swift; path = AnimatedViewPortJob.swift; sourceTree = "<group>"; };
		B0516895230EA93500E812A1 /* AnimatedMoveViewJob.swift */ = {isa = PBXFileReference; fileEncoding = 4; lastKnownFileType = sourcecode.swift; path = AnimatedMoveViewJob.swift; sourceTree = "<group>"; };
		B0516899230EA93500E812A1 /* ChartData.swift */ = {isa = PBXFileReference; fileEncoding = 4; lastKnownFileType = sourcecode.swift; path = ChartData.swift; sourceTree = "<group>"; };
		B051689A230EA93500E812A1 /* BarChartDataEntry.swift */ = {isa = PBXFileReference; fileEncoding = 4; lastKnownFileType = sourcecode.swift; path = BarChartDataEntry.swift; sourceTree = "<group>"; };
		B051689B230EA93500E812A1 /* BarChartDataSet.swift */ = {isa = PBXFileReference; fileEncoding = 4; lastKnownFileType = sourcecode.swift; path = BarChartDataSet.swift; sourceTree = "<group>"; };
		B051689C230EA93500E812A1 /* RadarChartDataEntry.swift */ = {isa = PBXFileReference; fileEncoding = 4; lastKnownFileType = sourcecode.swift; path = RadarChartDataEntry.swift; sourceTree = "<group>"; };
		B051689D230EA93500E812A1 /* BarLineScatterCandleBubbleChartDataSet.swift */ = {isa = PBXFileReference; fileEncoding = 4; lastKnownFileType = sourcecode.swift; path = BarLineScatterCandleBubbleChartDataSet.swift; sourceTree = "<group>"; };
		B051689E230EA93500E812A1 /* PieChartDataEntry.swift */ = {isa = PBXFileReference; fileEncoding = 4; lastKnownFileType = sourcecode.swift; path = PieChartDataEntry.swift; sourceTree = "<group>"; };
		B051689F230EA93500E812A1 /* CandleChartDataEntry.swift */ = {isa = PBXFileReference; fileEncoding = 4; lastKnownFileType = sourcecode.swift; path = CandleChartDataEntry.swift; sourceTree = "<group>"; };
		B05168A0230EA93500E812A1 /* CombinedChartData.swift */ = {isa = PBXFileReference; fileEncoding = 4; lastKnownFileType = sourcecode.swift; path = CombinedChartData.swift; sourceTree = "<group>"; };
		B05168A1230EA93500E812A1 /* LineChartData.swift */ = {isa = PBXFileReference; fileEncoding = 4; lastKnownFileType = sourcecode.swift; path = LineChartData.swift; sourceTree = "<group>"; };
		B05168A2230EA93500E812A1 /* RadarChartData.swift */ = {isa = PBXFileReference; fileEncoding = 4; lastKnownFileType = sourcecode.swift; path = RadarChartData.swift; sourceTree = "<group>"; };
		B05168A3230EA93500E812A1 /* CandleChartDataSet.swift */ = {isa = PBXFileReference; fileEncoding = 4; lastKnownFileType = sourcecode.swift; path = CandleChartDataSet.swift; sourceTree = "<group>"; };
		B05168A4230EA93500E812A1 /* LineRadarChartDataSet.swift */ = {isa = PBXFileReference; fileEncoding = 4; lastKnownFileType = sourcecode.swift; path = LineRadarChartDataSet.swift; sourceTree = "<group>"; };
		B05168A5230EA93500E812A1 /* BarLineScatterCandleBubbleChartData.swift */ = {isa = PBXFileReference; fileEncoding = 4; lastKnownFileType = sourcecode.swift; path = BarLineScatterCandleBubbleChartData.swift; sourceTree = "<group>"; };
		B05168A6230EA93500E812A1 /* BubbleChartDataEntry.swift */ = {isa = PBXFileReference; fileEncoding = 4; lastKnownFileType = sourcecode.swift; path = BubbleChartDataEntry.swift; sourceTree = "<group>"; };
		B05168A7230EA93500E812A1 /* ChartDataEntryBase.swift */ = {isa = PBXFileReference; fileEncoding = 4; lastKnownFileType = sourcecode.swift; path = ChartDataEntryBase.swift; sourceTree = "<group>"; };
		B05168A8230EA93500E812A1 /* ChartDataEntry.swift */ = {isa = PBXFileReference; fileEncoding = 4; lastKnownFileType = sourcecode.swift; path = ChartDataEntry.swift; sourceTree = "<group>"; };
		B05168A9230EA93500E812A1 /* PieChartDataSet.swift */ = {isa = PBXFileReference; fileEncoding = 4; lastKnownFileType = sourcecode.swift; path = PieChartDataSet.swift; sourceTree = "<group>"; };
		B05168AA230EA93500E812A1 /* BubbleChartData.swift */ = {isa = PBXFileReference; fileEncoding = 4; lastKnownFileType = sourcecode.swift; path = BubbleChartData.swift; sourceTree = "<group>"; };
		B05168AB230EA93500E812A1 /* ChartDataSet.swift */ = {isa = PBXFileReference; fileEncoding = 4; lastKnownFileType = sourcecode.swift; path = ChartDataSet.swift; sourceTree = "<group>"; };
		B05168AC230EA93500E812A1 /* ScatterChartDataSet.swift */ = {isa = PBXFileReference; fileEncoding = 4; lastKnownFileType = sourcecode.swift; path = ScatterChartDataSet.swift; sourceTree = "<group>"; };
		B05168AD230EA93500E812A1 /* ScatterChartData.swift */ = {isa = PBXFileReference; fileEncoding = 4; lastKnownFileType = sourcecode.swift; path = ScatterChartData.swift; sourceTree = "<group>"; };
		B05168AE230EA93500E812A1 /* PieChartData.swift */ = {isa = PBXFileReference; fileEncoding = 4; lastKnownFileType = sourcecode.swift; path = PieChartData.swift; sourceTree = "<group>"; };
		B05168AF230EA93500E812A1 /* CandleChartData.swift */ = {isa = PBXFileReference; fileEncoding = 4; lastKnownFileType = sourcecode.swift; path = CandleChartData.swift; sourceTree = "<group>"; };
		B05168B0230EA93500E812A1 /* LineChartDataSet.swift */ = {isa = PBXFileReference; fileEncoding = 4; lastKnownFileType = sourcecode.swift; path = LineChartDataSet.swift; sourceTree = "<group>"; };
		B05168B1230EA93500E812A1 /* BubbleChartDataSet.swift */ = {isa = PBXFileReference; fileEncoding = 4; lastKnownFileType = sourcecode.swift; path = BubbleChartDataSet.swift; sourceTree = "<group>"; };
		B05168B2230EA93500E812A1 /* RadarChartDataSet.swift */ = {isa = PBXFileReference; fileEncoding = 4; lastKnownFileType = sourcecode.swift; path = RadarChartDataSet.swift; sourceTree = "<group>"; };
		B05168B3230EA93500E812A1 /* BarChartData.swift */ = {isa = PBXFileReference; fileEncoding = 4; lastKnownFileType = sourcecode.swift; path = BarChartData.swift; sourceTree = "<group>"; };
		B05168B4230EA93500E812A1 /* LineScatterCandleRadarChartDataSet.swift */ = {isa = PBXFileReference; fileEncoding = 4; lastKnownFileType = sourcecode.swift; path = LineScatterCandleRadarChartDataSet.swift; sourceTree = "<group>"; };
		B05168B5230EA93500E812A1 /* ChartBaseDataSet.swift */ = {isa = PBXFileReference; fileEncoding = 4; lastKnownFileType = sourcecode.swift; path = ChartBaseDataSet.swift; sourceTree = "<group>"; };
		B05168B7230EA93500E812A1 /* IPieChartDataSet.swift */ = {isa = PBXFileReference; fileEncoding = 4; lastKnownFileType = sourcecode.swift; path = IPieChartDataSet.swift; sourceTree = "<group>"; };
		B05168B8230EA93500E812A1 /* IScatterChartDataSet.swift */ = {isa = PBXFileReference; fileEncoding = 4; lastKnownFileType = sourcecode.swift; path = IScatterChartDataSet.swift; sourceTree = "<group>"; };
		B05168B9230EA93500E812A1 /* ILineChartDataSet.swift */ = {isa = PBXFileReference; fileEncoding = 4; lastKnownFileType = sourcecode.swift; path = ILineChartDataSet.swift; sourceTree = "<group>"; };
		B05168BA230EA93500E812A1 /* IRadarChartDataSet.swift */ = {isa = PBXFileReference; fileEncoding = 4; lastKnownFileType = sourcecode.swift; path = IRadarChartDataSet.swift; sourceTree = "<group>"; };
		B05168BB230EA93500E812A1 /* IBarChartDataSet.swift */ = {isa = PBXFileReference; fileEncoding = 4; lastKnownFileType = sourcecode.swift; path = IBarChartDataSet.swift; sourceTree = "<group>"; };
		B05168BC230EA93500E812A1 /* ILineRadarChartDataSet.swift */ = {isa = PBXFileReference; fileEncoding = 4; lastKnownFileType = sourcecode.swift; path = ILineRadarChartDataSet.swift; sourceTree = "<group>"; };
		B05168BD230EA93500E812A1 /* IChartDataSet.swift */ = {isa = PBXFileReference; fileEncoding = 4; lastKnownFileType = sourcecode.swift; path = IChartDataSet.swift; sourceTree = "<group>"; };
		B05168BE230EA93500E812A1 /* ICandleChartDataSet.swift */ = {isa = PBXFileReference; fileEncoding = 4; lastKnownFileType = sourcecode.swift; path = ICandleChartDataSet.swift; sourceTree = "<group>"; };
		B05168BF230EA93600E812A1 /* ILineScatterCandleRadarChartDataSet.swift */ = {isa = PBXFileReference; fileEncoding = 4; lastKnownFileType = sourcecode.swift; path = ILineScatterCandleRadarChartDataSet.swift; sourceTree = "<group>"; };
		B05168C0230EA93600E812A1 /* IBubbleChartDataSet.swift */ = {isa = PBXFileReference; fileEncoding = 4; lastKnownFileType = sourcecode.swift; path = IBubbleChartDataSet.swift; sourceTree = "<group>"; };
		B05168C1230EA93600E812A1 /* IBarLineScatterCandleBubbleChartDataSet.swift */ = {isa = PBXFileReference; fileEncoding = 4; lastKnownFileType = sourcecode.swift; path = IBarLineScatterCandleBubbleChartDataSet.swift; sourceTree = "<group>"; };
		B05168C3230EA93600E812A1 /* BarChartDataProvider.swift */ = {isa = PBXFileReference; fileEncoding = 4; lastKnownFileType = sourcecode.swift; path = BarChartDataProvider.swift; sourceTree = "<group>"; };
		B05168C4230EA93600E812A1 /* ChartDataProvider.swift */ = {isa = PBXFileReference; fileEncoding = 4; lastKnownFileType = sourcecode.swift; path = ChartDataProvider.swift; sourceTree = "<group>"; };
		B05168C5230EA93600E812A1 /* CandleChartDataProvider.swift */ = {isa = PBXFileReference; fileEncoding = 4; lastKnownFileType = sourcecode.swift; path = CandleChartDataProvider.swift; sourceTree = "<group>"; };
		B05168C6230EA93600E812A1 /* CombinedChartDataProvider.swift */ = {isa = PBXFileReference; fileEncoding = 4; lastKnownFileType = sourcecode.swift; path = CombinedChartDataProvider.swift; sourceTree = "<group>"; };
		B05168C7230EA93600E812A1 /* LineChartDataProvider.swift */ = {isa = PBXFileReference; fileEncoding = 4; lastKnownFileType = sourcecode.swift; path = LineChartDataProvider.swift; sourceTree = "<group>"; };
		B05168C8230EA93600E812A1 /* BarLineScatterCandleBubbleChartDataProvider.swift */ = {isa = PBXFileReference; fileEncoding = 4; lastKnownFileType = sourcecode.swift; path = BarLineScatterCandleBubbleChartDataProvider.swift; sourceTree = "<group>"; };
		B05168C9230EA93600E812A1 /* ScatterChartDataProvider.swift */ = {isa = PBXFileReference; fileEncoding = 4; lastKnownFileType = sourcecode.swift; path = ScatterChartDataProvider.swift; sourceTree = "<group>"; };
		B05168CA230EA93600E812A1 /* BubbleChartDataProvider.swift */ = {isa = PBXFileReference; fileEncoding = 4; lastKnownFileType = sourcecode.swift; path = BubbleChartDataProvider.swift; sourceTree = "<group>"; };
		D223C8B07083D0779E87EEEA /* Pods-ChartsExtension_Tests.release.xcconfig */ = {isa = PBXFileReference; includeInIndex = 1; lastKnownFileType = text.xcconfig; name = "Pods-ChartsExtension_Tests.release.xcconfig"; path = "Pods/Target Support Files/Pods-ChartsExtension_Tests/Pods-ChartsExtension_Tests.release.xcconfig"; sourceTree = "<group>"; };
		FF68064DBB84A1554893F085 /* Pods-ChartsExtension_Tests.debug.xcconfig */ = {isa = PBXFileReference; includeInIndex = 1; lastKnownFileType = text.xcconfig; name = "Pods-ChartsExtension_Tests.debug.xcconfig"; path = "Pods/Target Support Files/Pods-ChartsExtension_Tests/Pods-ChartsExtension_Tests.debug.xcconfig"; sourceTree = "<group>"; };
/* End PBXFileReference section */

/* Begin PBXFrameworksBuildPhase section */
		607FACCD1AFB9204008FA782 /* Frameworks */ = {
			isa = PBXFrameworksBuildPhase;
			buildActionMask = 2147483647;
			files = (
				07B4CE1DC122AB41E64A91C7 /* Pods_ChartsExtension_Example.framework in Frameworks */,
			);
			runOnlyForDeploymentPostprocessing = 0;
		};
		607FACE21AFB9204008FA782 /* Frameworks */ = {
			isa = PBXFrameworksBuildPhase;
			buildActionMask = 2147483647;
			files = (
				E5137F80B1C1537A0A85236B /* Pods_ChartsExtension_Tests.framework in Frameworks */,
			);
			runOnlyForDeploymentPostprocessing = 0;
		};
/* End PBXFrameworksBuildPhase section */

/* Begin PBXGroup section */
		607FACC71AFB9204008FA782 = {
			isa = PBXGroup;
			children = (
				607FACF51AFB993E008FA782 /* Podspec Metadata */,
				607FACD21AFB9204008FA782 /* Example for ChartsExtension */,
				607FACE81AFB9204008FA782 /* Tests */,
				607FACD11AFB9204008FA782 /* Products */,
				82B29EC43F196845B75BC88C /* Pods */,
				B8D2186DC21948B0C3D6A6FD /* Frameworks */,
			);
			sourceTree = "<group>";
		};
		607FACD11AFB9204008FA782 /* Products */ = {
			isa = PBXGroup;
			children = (
				607FACD01AFB9204008FA782 /* ChartsExtension_Example.app */,
				607FACE51AFB9204008FA782 /* ChartsExtension_Tests.xctest */,
			);
			name = Products;
			sourceTree = "<group>";
		};
		607FACD21AFB9204008FA782 /* Example for ChartsExtension */ = {
			isa = PBXGroup;
			children = (
				B0516832230EA93500E812A1 /* Source */,
				607FACD51AFB9204008FA782 /* AppDelegate.swift */,
				607FACD71AFB9204008FA782 /* ViewController.swift */,
				607FACD91AFB9204008FA782 /* Main.storyboard */,
				607FACDC1AFB9204008FA782 /* Images.xcassets */,
				607FACDE1AFB9204008FA782 /* LaunchScreen.xib */,
				607FACD31AFB9204008FA782 /* Supporting Files */,
			);
			name = "Example for ChartsExtension";
			path = ChartsExtension;
			sourceTree = "<group>";
		};
		607FACD31AFB9204008FA782 /* Supporting Files */ = {
			isa = PBXGroup;
			children = (
				607FACD41AFB9204008FA782 /* Info.plist */,
			);
			name = "Supporting Files";
			sourceTree = "<group>";
		};
		607FACE81AFB9204008FA782 /* Tests */ = {
			isa = PBXGroup;
			children = (
				607FACEB1AFB9204008FA782 /* Tests.swift */,
				607FACE91AFB9204008FA782 /* Supporting Files */,
			);
			path = Tests;
			sourceTree = "<group>";
		};
		607FACE91AFB9204008FA782 /* Supporting Files */ = {
			isa = PBXGroup;
			children = (
				607FACEA1AFB9204008FA782 /* Info.plist */,
			);
			name = "Supporting Files";
			sourceTree = "<group>";
		};
		607FACF51AFB993E008FA782 /* Podspec Metadata */ = {
			isa = PBXGroup;
			children = (
				92487FA90E796DFED19C8532 /* ChartsExtension.podspec */,
				03BCB1ECEC87904F992EDDFD /* README.md */,
				080833D0415137DB541CF51B /* LICENSE */,
			);
			name = "Podspec Metadata";
			sourceTree = "<group>";
		};
		82B29EC43F196845B75BC88C /* Pods */ = {
			isa = PBXGroup;
			children = (
				AF2F649FE19F45F4DC381888 /* Pods-ChartsExtension_Example.debug.xcconfig */,
				A11261A22A3A50566CB8861F /* Pods-ChartsExtension_Example.release.xcconfig */,
				FF68064DBB84A1554893F085 /* Pods-ChartsExtension_Tests.debug.xcconfig */,
				D223C8B07083D0779E87EEEA /* Pods-ChartsExtension_Tests.release.xcconfig */,
			);
			name = Pods;
			sourceTree = "<group>";
		};
		B0516832230EA93500E812A1 /* Source */ = {
			isa = PBXGroup;
			children = (
				B0516833230EA93500E812A1 /* Charts */,
			);
			path = Source;
			sourceTree = "<group>";
		};
		B0516833230EA93500E812A1 /* Charts */ = {
			isa = PBXGroup;
			children = (
				B0516834230EA93500E812A1 /* Filters */,
				B0516837230EA93500E812A1 /* Renderers */,
				B0516857230EA93500E812A1 /* Highlight */,
				B0516862230EA93500E812A1 /* Charts */,
				B051686F230EA93500E812A1 /* Animation */,
				B0516872230EA93500E812A1 /* Formatters */,
				B051687A230EA93500E812A1 /* Utils */,
				B0516883230EA93500E812A1 /* Components */,
				B051688F230EA93500E812A1 /* Jobs */,
				B0516896230EA93500E812A1 /* Data */,
				B05168C2230EA93600E812A1 /* Interfaces */,
			);
			path = Charts;
			sourceTree = "<group>";
		};
		B0516834230EA93500E812A1 /* Filters */ = {
			isa = PBXGroup;
			children = (
				B0516835230EA93500E812A1 /* DataApproximator.swift */,
				B0516836230EA93500E812A1 /* DataApproximator+N.swift */,
			);
			path = Filters;
			sourceTree = "<group>";
		};
		B0516837230EA93500E812A1 /* Renderers */ = {
			isa = PBXGroup;
			children = (
				B0516838230EA93500E812A1 /* RadarChartRenderer.swift */,
				B0516839230EA93500E812A1 /* LegendRenderer.swift */,
				B051683A230EA93500E812A1 /* YAxisRendererHorizontalBarChart.swift */,
				B051683B230EA93500E812A1 /* BubbleChartRenderer.swift */,
				B051683C230EA93500E812A1 /* LineChartRenderer.swift */,
				B051683D230EA93500E812A1 /* AxisRendererBase.swift */,
				B051683E230EA93500E812A1 /* ChartDataRendererBase.swift */,
				B051683F230EA93500E812A1 /* YAxisRenderer.swift */,
				B0516840230EA93500E812A1 /* ScatterChartRenderer.swift */,
				B0516841230EA93500E812A1 /* CombinedChartRenderer.swift */,
				B0516842230EA93500E812A1 /* CandleStickChartRenderer.swift */,
				B0516843230EA93500E812A1 /* BarChartRenderer.swift */,
				B0516844230EA93500E812A1 /* XAxisRenderer.swift */,
				B0516845230EA93500E812A1 /* LineRadarRenderer.swift */,
				B0516846230EA93500E812A1 /* BarLineScatterCandleBubbleRenderer.swift */,
				B0516847230EA93500E812A1 /* Scatter */,
				B0516850230EA93500E812A1 /* XAxisRendererHorizontalBarChart.swift */,
				B0516851230EA93500E812A1 /* HorizontalBarChartRenderer.swift */,
				B0516852230EA93500E812A1 /* XAxisRendererRadarChart.swift */,
				B0516853230EA93500E812A1 /* YAxisRendererRadarChart.swift */,
				B0516854230EA93500E812A1 /* PieChartRenderer.swift */,
				B0516855230EA93500E812A1 /* Renderer.swift */,
				B0516856230EA93500E812A1 /* LineScatterCandleRadarRenderer.swift */,
			);
			path = Renderers;
			sourceTree = "<group>";
		};
		B0516847230EA93500E812A1 /* Scatter */ = {
			isa = PBXGroup;
			children = (
				B0516848230EA93500E812A1 /* XShapeRenderer.swift */,
				B0516849230EA93500E812A1 /* SquareShapeRenderer.swift */,
				B051684A230EA93500E812A1 /* ChevronDownShapeRenderer.swift */,
				B051684B230EA93500E812A1 /* IShapeRenderer.swift */,
				B051684C230EA93500E812A1 /* CircleShapeRenderer.swift */,
				B051684D230EA93500E812A1 /* CrossShapeRenderer.swift */,
				B051684E230EA93500E812A1 /* TriangleShapeRenderer.swift */,
				B051684F230EA93500E812A1 /* ChevronUpShapeRenderer.swift */,
			);
			path = Scatter;
			sourceTree = "<group>";
		};
		B0516857230EA93500E812A1 /* Highlight */ = {
			isa = PBXGroup;
			children = (
				B0516858230EA93500E812A1 /* BarHighlighter.swift */,
				B0516859230EA93500E812A1 /* RadarHighlighter.swift */,
				B051685A230EA93500E812A1 /* Highlight.swift */,
				B051685B230EA93500E812A1 /* PieHighlighter.swift */,
				B051685C230EA93500E812A1 /* HorizontalBarHighlighter.swift */,
				B051685D230EA93500E812A1 /* PieRadarHighlighter.swift */,
				B051685E230EA93500E812A1 /* Range.swift */,
				B051685F230EA93500E812A1 /* ChartHighlighter.swift */,
				B0516860230EA93500E812A1 /* IHighlighter.swift */,
				B0516861230EA93500E812A1 /* CombinedHighlighter.swift */,
			);
			path = Highlight;
			sourceTree = "<group>";
		};
		B0516862230EA93500E812A1 /* Charts */ = {
			isa = PBXGroup;
			children = (
				B0516863230EA93500E812A1 /* CandleStickChartView.swift */,
				B0516864230EA93500E812A1 /* RadarChartView.swift */,
				B0516865230EA93500E812A1 /* BarLineChartViewBase.swift */,
				B0516866230EA93500E812A1 /* LineChartView.swift */,
				B0516867230EA93500E812A1 /* CombinedChartView.swift */,
				B0516868230EA93500E812A1 /* HorizontalBarChartView.swift */,
				B0516869230EA93500E812A1 /* ChartViewBase.swift */,
				B051686A230EA93500E812A1 /* BubbleChartView.swift */,
				B051686B230EA93500E812A1 /* PieRadarChartViewBase.swift */,
				B051686C230EA93500E812A1 /* BarChartView.swift */,
				B051686D230EA93500E812A1 /* ScatterChartView.swift */,
				B051686E230EA93500E812A1 /* PieChartView.swift */,
			);
			path = Charts;
			sourceTree = "<group>";
		};
		B051686F230EA93500E812A1 /* Animation */ = {
			isa = PBXGroup;
			children = (
				B0516870230EA93500E812A1 /* ChartAnimationEasing.swift */,
				B0516871230EA93500E812A1 /* Animator.swift */,
			);
			path = Animation;
			sourceTree = "<group>";
		};
		B0516872230EA93500E812A1 /* Formatters */ = {
			isa = PBXGroup;
			children = (
				B0516873230EA93500E812A1 /* IAxisValueFormatter.swift */,
				B0516874230EA93500E812A1 /* DefaultFillFormatter.swift */,
				B0516875230EA93500E812A1 /* DefaultValueFormatter.swift */,
				B0516876230EA93500E812A1 /* DefaultAxisValueFormatter.swift */,
				B0516877230EA93500E812A1 /* IndexAxisValueFormatter.swift */,
				B0516878230EA93500E812A1 /* IFillFormatter.swift */,
				B0516879230EA93500E812A1 /* IValueFormatter.swift */,
			);
			path = Formatters;
			sourceTree = "<group>";
		};
		B051687A230EA93500E812A1 /* Utils */ = {
			isa = PBXGroup;
			children = (
				B051687B230EA93500E812A1 /* Fill.swift */,
				B051687C230EA93500E812A1 /* Transformer.swift */,
				B051687D230EA93500E812A1 /* ViewPortHandler.swift */,
				B051687E230EA93500E812A1 /* Platform+Accessibility.swift */,
				B051687F230EA93500E812A1 /* Platform.swift */,
				B0516880230EA93500E812A1 /* ChartColorTemplates.swift */,
				B0516881230EA93500E812A1 /* TransformerHorizontalBarChart.swift */,
				B0516882230EA93500E812A1 /* ChartUtils.swift */,
			);
			path = Utils;
			sourceTree = "<group>";
		};
		B0516883230EA93500E812A1 /* Components */ = {
			isa = PBXGroup;
			children = (
				B0516884230EA93500E812A1 /* Description.swift */,
				B0516885230EA93500E812A1 /* IMarker.swift */,
				B0516886230EA93500E812A1 /* MarkerImage.swift */,
				B0516887230EA93500E812A1 /* Legend.swift */,
				B0516888230EA93500E812A1 /* LegendEntry.swift */,
				B0516889230EA93500E812A1 /* YAxis.swift */,
				B051688A230EA93500E812A1 /* AxisBase.swift */,
				B051688B230EA93500E812A1 /* XAxis.swift */,
				B051688C230EA93500E812A1 /* ChartLimitLine.swift */,
				B051688D230EA93500E812A1 /* MarkerView.swift */,
				B051688E230EA93500E812A1 /* ComponentBase.swift */,
			);
			path = Components;
			sourceTree = "<group>";
		};
		B051688F230EA93500E812A1 /* Jobs */ = {
			isa = PBXGroup;
			children = (
				B0516890230EA93500E812A1 /* AnimatedZoomViewJob.swift */,
				B0516891230EA93500E812A1 /* ViewPortJob.swift */,
				B0516892230EA93500E812A1 /* MoveViewJob.swift */,
				B0516893230EA93500E812A1 /* ZoomViewJob.swift */,
				B0516894230EA93500E812A1 /* AnimatedViewPortJob.swift */,
				B0516895230EA93500E812A1 /* AnimatedMoveViewJob.swift */,
			);
			path = Jobs;
			sourceTree = "<group>";
		};
		B0516896230EA93500E812A1 /* Data */ = {
			isa = PBXGroup;
			children = (
				B0516897230EA93500E812A1 /* Implementations */,
				B05168B6230EA93500E812A1 /* Interfaces */,
			);
			path = Data;
			sourceTree = "<group>";
		};
		B0516897230EA93500E812A1 /* Implementations */ = {
			isa = PBXGroup;
			children = (
				B0516898230EA93500E812A1 /* Standard */,
				B05168B5230EA93500E812A1 /* ChartBaseDataSet.swift */,
			);
			path = Implementations;
			sourceTree = "<group>";
		};
		B0516898230EA93500E812A1 /* Standard */ = {
			isa = PBXGroup;
			children = (
				B0516899230EA93500E812A1 /* ChartData.swift */,
				B051689A230EA93500E812A1 /* BarChartDataEntry.swift */,
				B051689B230EA93500E812A1 /* BarChartDataSet.swift */,
				B051689C230EA93500E812A1 /* RadarChartDataEntry.swift */,
				B051689D230EA93500E812A1 /* BarLineScatterCandleBubbleChartDataSet.swift */,
				B051689E230EA93500E812A1 /* PieChartDataEntry.swift */,
				B051689F230EA93500E812A1 /* CandleChartDataEntry.swift */,
				B05168A0230EA93500E812A1 /* CombinedChartData.swift */,
				B05168A1230EA93500E812A1 /* LineChartData.swift */,
				B05168A2230EA93500E812A1 /* RadarChartData.swift */,
				B05168A3230EA93500E812A1 /* CandleChartDataSet.swift */,
				B05168A4230EA93500E812A1 /* LineRadarChartDataSet.swift */,
				B05168A5230EA93500E812A1 /* BarLineScatterCandleBubbleChartData.swift */,
				B05168A6230EA93500E812A1 /* BubbleChartDataEntry.swift */,
				B05168A7230EA93500E812A1 /* ChartDataEntryBase.swift */,
				B05168A8230EA93500E812A1 /* ChartDataEntry.swift */,
				B05168A9230EA93500E812A1 /* PieChartDataSet.swift */,
				B05168AA230EA93500E812A1 /* BubbleChartData.swift */,
				B05168AB230EA93500E812A1 /* ChartDataSet.swift */,
				B05168AC230EA93500E812A1 /* ScatterChartDataSet.swift */,
				B05168AD230EA93500E812A1 /* ScatterChartData.swift */,
				B05168AE230EA93500E812A1 /* PieChartData.swift */,
				B05168AF230EA93500E812A1 /* CandleChartData.swift */,
				B05168B0230EA93500E812A1 /* LineChartDataSet.swift */,
				B05168B1230EA93500E812A1 /* BubbleChartDataSet.swift */,
				B05168B2230EA93500E812A1 /* RadarChartDataSet.swift */,
				B05168B3230EA93500E812A1 /* BarChartData.swift */,
				B05168B4230EA93500E812A1 /* LineScatterCandleRadarChartDataSet.swift */,
			);
			path = Standard;
			sourceTree = "<group>";
		};
		B05168B6230EA93500E812A1 /* Interfaces */ = {
			isa = PBXGroup;
			children = (
				B05168B7230EA93500E812A1 /* IPieChartDataSet.swift */,
				B05168B8230EA93500E812A1 /* IScatterChartDataSet.swift */,
				B05168B9230EA93500E812A1 /* ILineChartDataSet.swift */,
				B05168BA230EA93500E812A1 /* IRadarChartDataSet.swift */,
				B05168BB230EA93500E812A1 /* IBarChartDataSet.swift */,
				B05168BC230EA93500E812A1 /* ILineRadarChartDataSet.swift */,
				B05168BD230EA93500E812A1 /* IChartDataSet.swift */,
				B05168BE230EA93500E812A1 /* ICandleChartDataSet.swift */,
				B05168BF230EA93600E812A1 /* ILineScatterCandleRadarChartDataSet.swift */,
				B05168C0230EA93600E812A1 /* IBubbleChartDataSet.swift */,
				B05168C1230EA93600E812A1 /* IBarLineScatterCandleBubbleChartDataSet.swift */,
			);
			path = Interfaces;
			sourceTree = "<group>";
		};
		B05168C2230EA93600E812A1 /* Interfaces */ = {
			isa = PBXGroup;
			children = (
				B05168C3230EA93600E812A1 /* BarChartDataProvider.swift */,
				B05168C4230EA93600E812A1 /* ChartDataProvider.swift */,
				B05168C5230EA93600E812A1 /* CandleChartDataProvider.swift */,
				B05168C6230EA93600E812A1 /* CombinedChartDataProvider.swift */,
				B05168C7230EA93600E812A1 /* LineChartDataProvider.swift */,
				B05168C8230EA93600E812A1 /* BarLineScatterCandleBubbleChartDataProvider.swift */,
				B05168C9230EA93600E812A1 /* ScatterChartDataProvider.swift */,
				B05168CA230EA93600E812A1 /* BubbleChartDataProvider.swift */,
			);
			path = Interfaces;
			sourceTree = "<group>";
		};
		B8D2186DC21948B0C3D6A6FD /* Frameworks */ = {
			isa = PBXGroup;
			children = (
				8CD2E272248DF5791929A731 /* Pods_ChartsExtension_Example.framework */,
				5E0730AD0A2BE011E1EDBB9F /* Pods_ChartsExtension_Tests.framework */,
			);
			name = Frameworks;
			sourceTree = "<group>";
		};
/* End PBXGroup section */

/* Begin PBXNativeTarget section */
		607FACCF1AFB9204008FA782 /* ChartsExtension_Example */ = {
			isa = PBXNativeTarget;
			buildConfigurationList = 607FACEF1AFB9204008FA782 /* Build configuration list for PBXNativeTarget "ChartsExtension_Example" */;
			buildPhases = (
				9A6D041D33F6207C51E13CFD /* [CP] Check Pods Manifest.lock */,
				607FACCC1AFB9204008FA782 /* Sources */,
				607FACCD1AFB9204008FA782 /* Frameworks */,
				607FACCE1AFB9204008FA782 /* Resources */,
				4D3742C884DD959EF8C16EE7 /* [CP] Embed Pods Frameworks */,
			);
			buildRules = (
			);
			dependencies = (
			);
			name = ChartsExtension_Example;
			productName = ChartsExtension;
			productReference = 607FACD01AFB9204008FA782 /* ChartsExtension_Example.app */;
			productType = "com.apple.product-type.application";
		};
		607FACE41AFB9204008FA782 /* ChartsExtension_Tests */ = {
			isa = PBXNativeTarget;
			buildConfigurationList = 607FACF21AFB9204008FA782 /* Build configuration list for PBXNativeTarget "ChartsExtension_Tests" */;
			buildPhases = (
				DD5D69902B6652D3FF42A6F1 /* [CP] Check Pods Manifest.lock */,
				607FACE11AFB9204008FA782 /* Sources */,
				607FACE21AFB9204008FA782 /* Frameworks */,
				607FACE31AFB9204008FA782 /* Resources */,
			);
			buildRules = (
			);
			dependencies = (
				607FACE71AFB9204008FA782 /* PBXTargetDependency */,
			);
			name = ChartsExtension_Tests;
			productName = Tests;
			productReference = 607FACE51AFB9204008FA782 /* ChartsExtension_Tests.xctest */;
			productType = "com.apple.product-type.bundle.unit-test";
		};
/* End PBXNativeTarget section */

/* Begin PBXProject section */
		607FACC81AFB9204008FA782 /* Project object */ = {
			isa = PBXProject;
			attributes = {
				LastSwiftUpdateCheck = 0830;
				LastUpgradeCheck = 0830;
				ORGANIZATIONNAME = CocoaPods;
				TargetAttributes = {
					607FACCF1AFB9204008FA782 = {
						CreatedOnToolsVersion = 6.3.1;
						DevelopmentTeam = G9WVW3GC5H;
						LastSwiftMigration = 0900;
					};
					607FACE41AFB9204008FA782 = {
						CreatedOnToolsVersion = 6.3.1;
						DevelopmentTeam = G9WVW3GC5H;
						LastSwiftMigration = 0900;
						TestTargetID = 607FACCF1AFB9204008FA782;
					};
				};
			};
			buildConfigurationList = 607FACCB1AFB9204008FA782 /* Build configuration list for PBXProject "ChartsExtension" */;
			compatibilityVersion = "Xcode 3.2";
			developmentRegion = English;
			hasScannedForEncodings = 0;
			knownRegions = (
				English,
				en,
				Base,
			);
			mainGroup = 607FACC71AFB9204008FA782;
			productRefGroup = 607FACD11AFB9204008FA782 /* Products */;
			projectDirPath = "";
			projectRoot = "";
			targets = (
				607FACCF1AFB9204008FA782 /* ChartsExtension_Example */,
				607FACE41AFB9204008FA782 /* ChartsExtension_Tests */,
			);
		};
/* End PBXProject section */

/* Begin PBXResourcesBuildPhase section */
		607FACCE1AFB9204008FA782 /* Resources */ = {
			isa = PBXResourcesBuildPhase;
			buildActionMask = 2147483647;
			files = (
				607FACDB1AFB9204008FA782 /* Main.storyboard in Resources */,
				607FACE01AFB9204008FA782 /* LaunchScreen.xib in Resources */,
				607FACDD1AFB9204008FA782 /* Images.xcassets in Resources */,
			);
			runOnlyForDeploymentPostprocessing = 0;
		};
		607FACE31AFB9204008FA782 /* Resources */ = {
			isa = PBXResourcesBuildPhase;
			buildActionMask = 2147483647;
			files = (
			);
			runOnlyForDeploymentPostprocessing = 0;
		};
/* End PBXResourcesBuildPhase section */

/* Begin PBXShellScriptBuildPhase section */
		4D3742C884DD959EF8C16EE7 /* [CP] Embed Pods Frameworks */ = {
			isa = PBXShellScriptBuildPhase;
			buildActionMask = 2147483647;
			files = (
			);
			inputPaths = (
				"${PODS_ROOT}/Target Support Files/Pods-ChartsExtension_Example/Pods-ChartsExtension_Example-frameworks.sh",
				"${BUILT_PRODUCTS_DIR}/ChartsExtension/ChartsExtension.framework",
			);
			name = "[CP] Embed Pods Frameworks";
			outputPaths = (
				"${TARGET_BUILD_DIR}/${FRAMEWORKS_FOLDER_PATH}/ChartsExtension.framework",
			);
			runOnlyForDeploymentPostprocessing = 0;
			shellPath = /bin/sh;
			shellScript = "\"${PODS_ROOT}/Target Support Files/Pods-ChartsExtension_Example/Pods-ChartsExtension_Example-frameworks.sh\"\n";
			showEnvVarsInLog = 0;
		};
		9A6D041D33F6207C51E13CFD /* [CP] Check Pods Manifest.lock */ = {
			isa = PBXShellScriptBuildPhase;
			buildActionMask = 2147483647;
			files = (
			);
			inputFileListPaths = (
			);
			inputPaths = (
				"${PODS_PODFILE_DIR_PATH}/Podfile.lock",
				"${PODS_ROOT}/Manifest.lock",
			);
			name = "[CP] Check Pods Manifest.lock";
			outputFileListPaths = (
			);
			outputPaths = (
				"$(DERIVED_FILE_DIR)/Pods-ChartsExtension_Example-checkManifestLockResult.txt",
			);
			runOnlyForDeploymentPostprocessing = 0;
			shellPath = /bin/sh;
			shellScript = "diff \"${PODS_PODFILE_DIR_PATH}/Podfile.lock\" \"${PODS_ROOT}/Manifest.lock\" > /dev/null\nif [ $? != 0 ] ; then\n    # print error to STDERR\n    echo \"error: The sandbox is not in sync with the Podfile.lock. Run 'pod install' or update your CocoaPods installation.\" >&2\n    exit 1\nfi\n# This output is used by Xcode 'outputs' to avoid re-running this script phase.\necho \"SUCCESS\" > \"${SCRIPT_OUTPUT_FILE_0}\"\n";
			showEnvVarsInLog = 0;
		};
		DD5D69902B6652D3FF42A6F1 /* [CP] Check Pods Manifest.lock */ = {
			isa = PBXShellScriptBuildPhase;
			buildActionMask = 2147483647;
			files = (
			);
			inputFileListPaths = (
			);
			inputPaths = (
				"${PODS_PODFILE_DIR_PATH}/Podfile.lock",
				"${PODS_ROOT}/Manifest.lock",
			);
			name = "[CP] Check Pods Manifest.lock";
			outputFileListPaths = (
			);
			outputPaths = (
				"$(DERIVED_FILE_DIR)/Pods-ChartsExtension_Tests-checkManifestLockResult.txt",
			);
			runOnlyForDeploymentPostprocessing = 0;
			shellPath = /bin/sh;
			shellScript = "diff \"${PODS_PODFILE_DIR_PATH}/Podfile.lock\" \"${PODS_ROOT}/Manifest.lock\" > /dev/null\nif [ $? != 0 ] ; then\n    # print error to STDERR\n    echo \"error: The sandbox is not in sync with the Podfile.lock. Run 'pod install' or update your CocoaPods installation.\" >&2\n    exit 1\nfi\n# This output is used by Xcode 'outputs' to avoid re-running this script phase.\necho \"SUCCESS\" > \"${SCRIPT_OUTPUT_FILE_0}\"\n";
			showEnvVarsInLog = 0;
		};
/* End PBXShellScriptBuildPhase section */

/* Begin PBXSourcesBuildPhase section */
		607FACCC1AFB9204008FA782 /* Sources */ = {
			isa = PBXSourcesBuildPhase;
			buildActionMask = 2147483647;
			files = (
				B0516924230EA93600E812A1 /* AnimatedViewPortJob.swift in Sources */,
				B0516912230EA93600E812A1 /* ChartColorTemplates.swift in Sources */,
				B0516941230EA93600E812A1 /* LineScatterCandleRadarChartDataSet.swift in Sources */,
				B0516911230EA93600E812A1 /* Platform.swift in Sources */,
				B0516952230EA93600E812A1 /* LineChartDataProvider.swift in Sources */,
				B0516903230EA93600E812A1 /* PieChartView.swift in Sources */,
				B0516925230EA93600E812A1 /* AnimatedMoveViewJob.swift in Sources */,
				B05168F2230EA93600E812A1 /* HorizontalBarHighlighter.swift in Sources */,
				B0516920230EA93600E812A1 /* AnimatedZoomViewJob.swift in Sources */,
				B05168D9230EA93600E812A1 /* CombinedChartRenderer.swift in Sources */,
				B0516939230EA93600E812A1 /* ScatterChartDataSet.swift in Sources */,
				B05168E4230EA93600E812A1 /* CrossShapeRenderer.swift in Sources */,
				B05168CF230EA93600E812A1 /* DataApproximator+N.swift in Sources */,
				B05168DC230EA93600E812A1 /* XAxisRenderer.swift in Sources */,
				B051691D230EA93600E812A1 /* ChartLimitLine.swift in Sources */,
				B0516951230EA93600E812A1 /* CombinedChartDataProvider.swift in Sources */,
				B0516905230EA93600E812A1 /* Animator.swift in Sources */,
				B05168EC230EA93600E812A1 /* Renderer.swift in Sources */,
				B05168EE230EA93600E812A1 /* BarHighlighter.swift in Sources */,
				B051694F230EA93600E812A1 /* ChartDataProvider.swift in Sources */,
				B0516906230EA93600E812A1 /* IAxisValueFormatter.swift in Sources */,
				B0516900230EA93600E812A1 /* PieRadarChartViewBase.swift in Sources */,
				B05168D3230EA93600E812A1 /* BubbleChartRenderer.swift in Sources */,
				B0516950230EA93600E812A1 /* CandleChartDataProvider.swift in Sources */,
				B051690C230EA93600E812A1 /* IValueFormatter.swift in Sources */,
				B0516953230EA93600E812A1 /* BarLineScatterCandleBubbleChartDataProvider.swift in Sources */,
				B05168F7230EA93600E812A1 /* CombinedHighlighter.swift in Sources */,
				B0516909230EA93600E812A1 /* DefaultAxisValueFormatter.swift in Sources */,
				B0516927230EA93600E812A1 /* BarChartDataEntry.swift in Sources */,
				B05168E7230EA93600E812A1 /* XAxisRendererHorizontalBarChart.swift in Sources */,
				B051690D230EA93600E812A1 /* Fill.swift in Sources */,
				B05168F8230EA93600E812A1 /* CandleStickChartView.swift in Sources */,
				B05168E9230EA93600E812A1 /* XAxisRendererRadarChart.swift in Sources */,
				B0516926230EA93600E812A1 /* ChartData.swift in Sources */,
				B0516936230EA93600E812A1 /* PieChartDataSet.swift in Sources */,
				B05168D0230EA93600E812A1 /* RadarChartRenderer.swift in Sources */,
				B051694D230EA93600E812A1 /* IBarLineScatterCandleBubbleChartDataSet.swift in Sources */,
				B05168FF230EA93600E812A1 /* BubbleChartView.swift in Sources */,
				B051693C230EA93600E812A1 /* CandleChartData.swift in Sources */,
				B0516910230EA93600E812A1 /* Platform+Accessibility.swift in Sources */,
				B0516915230EA93600E812A1 /* Description.swift in Sources */,
				B0516917230EA93600E812A1 /* MarkerImage.swift in Sources */,
				B05168ED230EA93600E812A1 /* LineScatterCandleRadarRenderer.swift in Sources */,
				B051692A230EA93600E812A1 /* BarLineScatterCandleBubbleChartDataSet.swift in Sources */,
				B05168CE230EA93600E812A1 /* DataApproximator.swift in Sources */,
				B0516913230EA93600E812A1 /* TransformerHorizontalBarChart.swift in Sources */,
				B051693E230EA93600E812A1 /* BubbleChartDataSet.swift in Sources */,
				B05168FD230EA93600E812A1 /* HorizontalBarChartView.swift in Sources */,
				607FACD81AFB9204008FA782 /* ViewController.swift in Sources */,
				B05168FA230EA93600E812A1 /* BarLineChartViewBase.swift in Sources */,
				B0516934230EA93600E812A1 /* ChartDataEntryBase.swift in Sources */,
				B051690F230EA93600E812A1 /* ViewPortHandler.swift in Sources */,
				B0516954230EA93600E812A1 /* ScatterChartDataProvider.swift in Sources */,
				B0516935230EA93600E812A1 /* ChartDataEntry.swift in Sources */,
				B051694C230EA93600E812A1 /* IBubbleChartDataSet.swift in Sources */,
				607FACD61AFB9204008FA782 /* AppDelegate.swift in Sources */,
				B0516943230EA93600E812A1 /* IPieChartDataSet.swift in Sources */,
				B051691C230EA93600E812A1 /* XAxis.swift in Sources */,
				B0516948230EA93600E812A1 /* ILineRadarChartDataSet.swift in Sources */,
				B051691F230EA93600E812A1 /* ComponentBase.swift in Sources */,
				B0516928230EA93600E812A1 /* BarChartDataSet.swift in Sources */,
				B05168D2230EA93600E812A1 /* YAxisRendererHorizontalBarChart.swift in Sources */,
				B0516938230EA93600E812A1 /* ChartDataSet.swift in Sources */,
				B0516923230EA93600E812A1 /* ZoomViewJob.swift in Sources */,
				B051692B230EA93600E812A1 /* PieChartDataEntry.swift in Sources */,
				B05168F9230EA93600E812A1 /* RadarChartView.swift in Sources */,
				B0516901230EA93600E812A1 /* BarChartView.swift in Sources */,
				B051692F230EA93600E812A1 /* RadarChartData.swift in Sources */,
				B05168D7230EA93600E812A1 /* YAxisRenderer.swift in Sources */,
				B0516929230EA93600E812A1 /* RadarChartDataEntry.swift in Sources */,
				B051690E230EA93600E812A1 /* Transformer.swift in Sources */,
				B05168E8230EA93600E812A1 /* HorizontalBarChartRenderer.swift in Sources */,
				B05168E2230EA93600E812A1 /* IShapeRenderer.swift in Sources */,
				B05168FE230EA93600E812A1 /* ChartViewBase.swift in Sources */,
				B05168F4230EA93600E812A1 /* Range.swift in Sources */,
				B0516921230EA93600E812A1 /* ViewPortJob.swift in Sources */,
				B05168D4230EA93600E812A1 /* LineChartRenderer.swift in Sources */,
				B051690A230EA93600E812A1 /* IndexAxisValueFormatter.swift in Sources */,
				B05168F6230EA93600E812A1 /* IHighlighter.swift in Sources */,
				B0516902230EA93600E812A1 /* ScatterChartView.swift in Sources */,
				B05168D5230EA93600E812A1 /* AxisRendererBase.swift in Sources */,
				B0516904230EA93600E812A1 /* ChartAnimationEasing.swift in Sources */,
				B0516945230EA93600E812A1 /* ILineChartDataSet.swift in Sources */,
				B05168DA230EA93600E812A1 /* CandleStickChartRenderer.swift in Sources */,
				B051693F230EA93600E812A1 /* RadarChartDataSet.swift in Sources */,
				B051693A230EA93600E812A1 /* ScatterChartData.swift in Sources */,
				B05168D8230EA93600E812A1 /* ScatterChartRenderer.swift in Sources */,
				B0516955230EA93600E812A1 /* BubbleChartDataProvider.swift in Sources */,
				B051694A230EA93600E812A1 /* ICandleChartDataSet.swift in Sources */,
				B05168F0230EA93600E812A1 /* Highlight.swift in Sources */,
				B0516942230EA93600E812A1 /* ChartBaseDataSet.swift in Sources */,
				B05168EF230EA93600E812A1 /* RadarHighlighter.swift in Sources */,
				B0516930230EA93600E812A1 /* CandleChartDataSet.swift in Sources */,
				B05168DE230EA93600E812A1 /* BarLineScatterCandleBubbleRenderer.swift in Sources */,
				B0516932230EA93600E812A1 /* BarLineScatterCandleBubbleChartData.swift in Sources */,
				B05168DF230EA93600E812A1 /* XShapeRenderer.swift in Sources */,
				B05168F3230EA93600E812A1 /* PieRadarHighlighter.swift in Sources */,
				B051691A230EA93600E812A1 /* YAxis.swift in Sources */,
				B051691B230EA93600E812A1 /* AxisBase.swift in Sources */,
				B05168E5230EA93600E812A1 /* TriangleShapeRenderer.swift in Sources */,
				B05168FB230EA93600E812A1 /* LineChartView.swift in Sources */,
				B05168D1230EA93600E812A1 /* LegendRenderer.swift in Sources */,
				B051693D230EA93600E812A1 /* LineChartDataSet.swift in Sources */,
				B05168F1230EA93600E812A1 /* PieHighlighter.swift in Sources */,
				B0516914230EA93600E812A1 /* ChartUtils.swift in Sources */,
				B05168F5230EA93600E812A1 /* ChartHighlighter.swift in Sources */,
				B051690B230EA93600E812A1 /* IFillFormatter.swift in Sources */,
				B0516907230EA93600E812A1 /* DefaultFillFormatter.swift in Sources */,
				B0516946230EA93600E812A1 /* IRadarChartDataSet.swift in Sources */,
				B05168DD230EA93600E812A1 /* LineRadarRenderer.swift in Sources */,
				B05168EB230EA93600E812A1 /* PieChartRenderer.swift in Sources */,
				B051691E230EA93600E812A1 /* MarkerView.swift in Sources */,
				B0516918230EA93600E812A1 /* Legend.swift in Sources */,
				B05168FC230EA93600E812A1 /* CombinedChartView.swift in Sources */,
				B051692D230EA93600E812A1 /* CombinedChartData.swift in Sources */,
				B0516937230EA93600E812A1 /* BubbleChartData.swift in Sources */,
				B0516922230EA93600E812A1 /* MoveViewJob.swift in Sources */,
				B05168E1230EA93600E812A1 /* ChevronDownShapeRenderer.swift in Sources */,
				B051692E230EA93600E812A1 /* LineChartData.swift in Sources */,
				B05168E6230EA93600E812A1 /* ChevronUpShapeRenderer.swift in Sources */,
				B051692C230EA93600E812A1 /* CandleChartDataEntry.swift in Sources */,
				B0516949230EA93600E812A1 /* IChartDataSet.swift in Sources */,
				B05168EA230EA93600E812A1 /* YAxisRendererRadarChart.swift in Sources */,
				B0516931230EA93600E812A1 /* LineRadarChartDataSet.swift in Sources */,
				B051693B230EA93600E812A1 /* PieChartData.swift in Sources */,
				B051694B230EA93600E812A1 /* ILineScatterCandleRadarChartDataSet.swift in Sources */,
				B05168D6230EA93600E812A1 /* ChartDataRendererBase.swift in Sources */,
				B0516916230EA93600E812A1 /* IMarker.swift in Sources */,
				B05168E0230EA93600E812A1 /* SquareShapeRenderer.swift in Sources */,
				B0516908230EA93600E812A1 /* DefaultValueFormatter.swift in Sources */,
				B0516919230EA93600E812A1 /* LegendEntry.swift in Sources */,
				B05168E3230EA93600E812A1 /* CircleShapeRenderer.swift in Sources */,
				B05168DB230EA93600E812A1 /* BarChartRenderer.swift in Sources */,
				B0516940230EA93600E812A1 /* BarChartData.swift in Sources */,
				B0516933230EA93600E812A1 /* BubbleChartDataEntry.swift in Sources */,
				B0516944230EA93600E812A1 /* IScatterChartDataSet.swift in Sources */,
				B0516947230EA93600E812A1 /* IBarChartDataSet.swift in Sources */,
				B051694E230EA93600E812A1 /* BarChartDataProvider.swift in Sources */,
			);
			runOnlyForDeploymentPostprocessing = 0;
		};
		607FACE11AFB9204008FA782 /* Sources */ = {
			isa = PBXSourcesBuildPhase;
			buildActionMask = 2147483647;
			files = (
				607FACEC1AFB9204008FA782 /* Tests.swift in Sources */,
			);
			runOnlyForDeploymentPostprocessing = 0;
		};
/* End PBXSourcesBuildPhase section */

/* Begin PBXTargetDependency section */
		607FACE71AFB9204008FA782 /* PBXTargetDependency */ = {
			isa = PBXTargetDependency;
			target = 607FACCF1AFB9204008FA782 /* ChartsExtension_Example */;
			targetProxy = 607FACE61AFB9204008FA782 /* PBXContainerItemProxy */;
		};
/* End PBXTargetDependency section */

/* Begin PBXVariantGroup section */
		607FACD91AFB9204008FA782 /* Main.storyboard */ = {
			isa = PBXVariantGroup;
			children = (
				607FACDA1AFB9204008FA782 /* Base */,
			);
			name = Main.storyboard;
			sourceTree = "<group>";
		};
		607FACDE1AFB9204008FA782 /* LaunchScreen.xib */ = {
			isa = PBXVariantGroup;
			children = (
				607FACDF1AFB9204008FA782 /* Base */,
			);
			name = LaunchScreen.xib;
			sourceTree = "<group>";
		};
/* End PBXVariantGroup section */

/* Begin XCBuildConfiguration section */
		607FACED1AFB9204008FA782 /* Debug */ = {
			isa = XCBuildConfiguration;
			buildSettings = {
				ALWAYS_SEARCH_USER_PATHS = NO;
				CLANG_CXX_LANGUAGE_STANDARD = "gnu++0x";
				CLANG_CXX_LIBRARY = "libc++";
				CLANG_ENABLE_MODULES = YES;
				CLANG_ENABLE_OBJC_ARC = YES;
				CLANG_WARN_BLOCK_CAPTURE_AUTORELEASING = YES;
				CLANG_WARN_BOOL_CONVERSION = YES;
				CLANG_WARN_COMMA = YES;
				CLANG_WARN_CONSTANT_CONVERSION = YES;
				CLANG_WARN_DIRECT_OBJC_ISA_USAGE = YES_ERROR;
				CLANG_WARN_EMPTY_BODY = YES;
				CLANG_WARN_ENUM_CONVERSION = YES;
				CLANG_WARN_INFINITE_RECURSION = YES;
				CLANG_WARN_INT_CONVERSION = YES;
				CLANG_WARN_NON_LITERAL_NULL_CONVERSION = YES;
				CLANG_WARN_OBJC_LITERAL_CONVERSION = YES;
				CLANG_WARN_OBJC_ROOT_CLASS = YES_ERROR;
				CLANG_WARN_RANGE_LOOP_ANALYSIS = YES;
				CLANG_WARN_STRICT_PROTOTYPES = YES;
				CLANG_WARN_SUSPICIOUS_MOVE = YES;
				CLANG_WARN_UNREACHABLE_CODE = YES;
				CLANG_WARN__DUPLICATE_METHOD_MATCH = YES;
				"CODE_SIGN_IDENTITY[sdk=iphoneos*]" = "iPhone Developer";
				COPY_PHASE_STRIP = NO;
				DEBUG_INFORMATION_FORMAT = "dwarf-with-dsym";
				ENABLE_STRICT_OBJC_MSGSEND = YES;
				ENABLE_TESTABILITY = YES;
				GCC_C_LANGUAGE_STANDARD = gnu99;
				GCC_DYNAMIC_NO_PIC = NO;
				GCC_NO_COMMON_BLOCKS = YES;
				GCC_OPTIMIZATION_LEVEL = 0;
				GCC_PREPROCESSOR_DEFINITIONS = (
					"DEBUG=1",
					"$(inherited)",
				);
				GCC_SYMBOLS_PRIVATE_EXTERN = NO;
				GCC_WARN_64_TO_32_BIT_CONVERSION = YES;
				GCC_WARN_ABOUT_RETURN_TYPE = YES_ERROR;
				GCC_WARN_UNDECLARED_SELECTOR = YES;
				GCC_WARN_UNINITIALIZED_AUTOS = YES_AGGRESSIVE;
				GCC_WARN_UNUSED_FUNCTION = YES;
				GCC_WARN_UNUSED_VARIABLE = YES;
				IPHONEOS_DEPLOYMENT_TARGET = 9.3;
				MTL_ENABLE_DEBUG_INFO = YES;
				ONLY_ACTIVE_ARCH = YES;
				SDKROOT = iphoneos;
				SWIFT_OPTIMIZATION_LEVEL = "-Onone";
			};
			name = Debug;
		};
		607FACEE1AFB9204008FA782 /* Release */ = {
			isa = XCBuildConfiguration;
			buildSettings = {
				ALWAYS_SEARCH_USER_PATHS = NO;
				CLANG_CXX_LANGUAGE_STANDARD = "gnu++0x";
				CLANG_CXX_LIBRARY = "libc++";
				CLANG_ENABLE_MODULES = YES;
				CLANG_ENABLE_OBJC_ARC = YES;
				CLANG_WARN_BLOCK_CAPTURE_AUTORELEASING = YES;
				CLANG_WARN_BOOL_CONVERSION = YES;
				CLANG_WARN_COMMA = YES;
				CLANG_WARN_CONSTANT_CONVERSION = YES;
				CLANG_WARN_DIRECT_OBJC_ISA_USAGE = YES_ERROR;
				CLANG_WARN_EMPTY_BODY = YES;
				CLANG_WARN_ENUM_CONVERSION = YES;
				CLANG_WARN_INFINITE_RECURSION = YES;
				CLANG_WARN_INT_CONVERSION = YES;
				CLANG_WARN_NON_LITERAL_NULL_CONVERSION = YES;
				CLANG_WARN_OBJC_LITERAL_CONVERSION = YES;
				CLANG_WARN_OBJC_ROOT_CLASS = YES_ERROR;
				CLANG_WARN_RANGE_LOOP_ANALYSIS = YES;
				CLANG_WARN_STRICT_PROTOTYPES = YES;
				CLANG_WARN_SUSPICIOUS_MOVE = YES;
				CLANG_WARN_UNREACHABLE_CODE = YES;
				CLANG_WARN__DUPLICATE_METHOD_MATCH = YES;
				"CODE_SIGN_IDENTITY[sdk=iphoneos*]" = "iPhone Developer";
				COPY_PHASE_STRIP = NO;
				DEBUG_INFORMATION_FORMAT = "dwarf-with-dsym";
				ENABLE_NS_ASSERTIONS = NO;
				ENABLE_STRICT_OBJC_MSGSEND = YES;
				GCC_C_LANGUAGE_STANDARD = gnu99;
				GCC_NO_COMMON_BLOCKS = YES;
				GCC_WARN_64_TO_32_BIT_CONVERSION = YES;
				GCC_WARN_ABOUT_RETURN_TYPE = YES_ERROR;
				GCC_WARN_UNDECLARED_SELECTOR = YES;
				GCC_WARN_UNINITIALIZED_AUTOS = YES_AGGRESSIVE;
				GCC_WARN_UNUSED_FUNCTION = YES;
				GCC_WARN_UNUSED_VARIABLE = YES;
				IPHONEOS_DEPLOYMENT_TARGET = 9.3;
				MTL_ENABLE_DEBUG_INFO = NO;
				SDKROOT = iphoneos;
				SWIFT_OPTIMIZATION_LEVEL = "-Owholemodule";
				VALIDATE_PRODUCT = YES;
			};
			name = Release;
		};
		607FACF01AFB9204008FA782 /* Debug */ = {
			isa = XCBuildConfiguration;
			baseConfigurationReference = AF2F649FE19F45F4DC381888 /* Pods-ChartsExtension_Example.debug.xcconfig */;
			buildSettings = {
				ASSETCATALOG_COMPILER_APPICON_NAME = AppIcon;
				DEVELOPMENT_TEAM = G9WVW3GC5H;
				INFOPLIST_FILE = ChartsExtension/Info.plist;
				LD_RUNPATH_SEARCH_PATHS = "$(inherited) @executable_path/Frameworks";
				MODULE_NAME = ExampleApp;
				PRODUCT_BUNDLE_IDENTIFIER = "org.cocoapods.demo.$(PRODUCT_NAME:rfc1034identifier)";
				PRODUCT_NAME = "$(TARGET_NAME)";
				SWIFT_SWIFT3_OBJC_INFERENCE = Default;
				SWIFT_VERSION = 4.0;
			};
			name = Debug;
		};
		607FACF11AFB9204008FA782 /* Release */ = {
			isa = XCBuildConfiguration;
			baseConfigurationReference = A11261A22A3A50566CB8861F /* Pods-ChartsExtension_Example.release.xcconfig */;
			buildSettings = {
				ASSETCATALOG_COMPILER_APPICON_NAME = AppIcon;
				DEVELOPMENT_TEAM = G9WVW3GC5H;
				INFOPLIST_FILE = ChartsExtension/Info.plist;
				LD_RUNPATH_SEARCH_PATHS = "$(inherited) @executable_path/Frameworks";
				MODULE_NAME = ExampleApp;
				PRODUCT_BUNDLE_IDENTIFIER = "org.cocoapods.demo.$(PRODUCT_NAME:rfc1034identifier)";
				PRODUCT_NAME = "$(TARGET_NAME)";
				SWIFT_SWIFT3_OBJC_INFERENCE = Default;
				SWIFT_VERSION = 4.0;
			};
			name = Release;
		};
		607FACF31AFB9204008FA782 /* Debug */ = {
			isa = XCBuildConfiguration;
			baseConfigurationReference = FF68064DBB84A1554893F085 /* Pods-ChartsExtension_Tests.debug.xcconfig */;
			buildSettings = {
				DEVELOPMENT_TEAM = G9WVW3GC5H;
				FRAMEWORK_SEARCH_PATHS = (
					"$(PLATFORM_DIR)/Developer/Library/Frameworks",
					"$(inherited)",
				);
				GCC_PREPROCESSOR_DEFINITIONS = (
					"DEBUG=1",
					"$(inherited)",
				);
				INFOPLIST_FILE = Tests/Info.plist;
				LD_RUNPATH_SEARCH_PATHS = "$(inherited) @executable_path/Frameworks @loader_path/Frameworks";
				PRODUCT_BUNDLE_IDENTIFIER = "org.cocoapods.$(PRODUCT_NAME:rfc1034identifier)";
				PRODUCT_NAME = "$(TARGET_NAME)";
				SWIFT_SWIFT3_OBJC_INFERENCE = Default;
				SWIFT_VERSION = 4.0;
				TEST_HOST = "$(BUILT_PRODUCTS_DIR)/ChartsExtension_Example.app/ChartsExtension_Example";
			};
			name = Debug;
		};
		607FACF41AFB9204008FA782 /* Release */ = {
			isa = XCBuildConfiguration;
			baseConfigurationReference = D223C8B07083D0779E87EEEA /* Pods-ChartsExtension_Tests.release.xcconfig */;
			buildSettings = {
				DEVELOPMENT_TEAM = G9WVW3GC5H;
				FRAMEWORK_SEARCH_PATHS = (
					"$(PLATFORM_DIR)/Developer/Library/Frameworks",
					"$(inherited)",
				);
				INFOPLIST_FILE = Tests/Info.plist;
				LD_RUNPATH_SEARCH_PATHS = "$(inherited) @executable_path/Frameworks @loader_path/Frameworks";
				PRODUCT_BUNDLE_IDENTIFIER = "org.cocoapods.$(PRODUCT_NAME:rfc1034identifier)";
				PRODUCT_NAME = "$(TARGET_NAME)";
				SWIFT_SWIFT3_OBJC_INFERENCE = Default;
				SWIFT_VERSION = 4.0;
				TEST_HOST = "$(BUILT_PRODUCTS_DIR)/ChartsExtension_Example.app/ChartsExtension_Example";
			};
			name = Release;
		};
/* End XCBuildConfiguration section */

/* Begin XCConfigurationList section */
		607FACCB1AFB9204008FA782 /* Build configuration list for PBXProject "ChartsExtension" */ = {
			isa = XCConfigurationList;
			buildConfigurations = (
				607FACED1AFB9204008FA782 /* Debug */,
				607FACEE1AFB9204008FA782 /* Release */,
			);
			defaultConfigurationIsVisible = 0;
			defaultConfigurationName = Release;
		};
		607FACEF1AFB9204008FA782 /* Build configuration list for PBXNativeTarget "ChartsExtension_Example" */ = {
			isa = XCConfigurationList;
			buildConfigurations = (
				607FACF01AFB9204008FA782 /* Debug */,
				607FACF11AFB9204008FA782 /* Release */,
			);
			defaultConfigurationIsVisible = 0;
			defaultConfigurationName = Release;
		};
		607FACF21AFB9204008FA782 /* Build configuration list for PBXNativeTarget "ChartsExtension_Tests" */ = {
			isa = XCConfigurationList;
			buildConfigurations = (
				607FACF31AFB9204008FA782 /* Debug */,
				607FACF41AFB9204008FA782 /* Release */,
			);
			defaultConfigurationIsVisible = 0;
			defaultConfigurationName = Release;
		};
/* End XCConfigurationList section */
	};
	rootObject = 607FACC81AFB9204008FA782 /* Project object */;
}
